{
  "version": 4,
  "terraform_version": "1.14.7",
  "serial": 220,
  "lineage": "f2a9e8ed-3e57-9502-6b36-03dccd107881",
  "outputs": {},
  "resources": [
    {
      "mode": "managed",
      "type": "aws_eip",
      "name": "nat_eip",
      "provider": "provider[\"registry.terraform.io/hashicorp/aws\"]",
      "instances": [
        {
          "schema_version": 0,
          "attributes": {
            "address": null,
            "allocation_id": "eipalloc-07777da7355918042",
            "arn": "arn:aws:ec2:us-east-1:533220667167:elastic-ip/eipalloc-07777da7355918042",
            "associate_with_private_ip": null,
            "association_id": "eipassoc-0106273728207f412",
            "carrier_ip": "",
            "customer_owned_ip": "",
            "customer_owned_ipv4_pool": "",
            "domain": "vpc",
            "id": "eipalloc-07777da7355918042",
            "instance": "",
            "ipam_pool_id": null,
            "network_border_group": "us-east-1",
            "network_interface": "eni-006ab32b5873db114",
            "private_dns": "ip-10-0-1-59.ec2.internal",
            "private_ip": "10.0.1.59",
            "ptr_record": "",
            "public_dns": "ec2-34-206-218-12.compute-1.amazonaws.com",
            "public_ip": "34.206.218.12",
            "public_ipv4_pool": "amazon",
            "region": "us-east-1",
            "tags": {},
            "tags_all": {},
            "timeouts": null
          },
          "sensitive_attributes": [],
          "identity_schema_version": 0,
          "private": "eyJlMmJmYjczMC1lY2FhLTExZTYtOGY4OC0zNDM2M2JjN2M0YzAiOnsiZGVsZXRlIjoxODAwMDAwMDAwMDAsInJlYWQiOjkwMDAwMDAwMDAwMCwidXBkYXRlIjozMDAwMDAwMDAwMDB9fQ=="
        }
      ]
    },
    {
      "mode": "managed",
      "type": "aws_instance",
      "name": "bastion",
      "provider": "provider[\"registry.terraform.io/hashicorp/aws\"]",
      "instances": [
        {
          "schema_version": 2,
          "attributes": {
            "ami": "ami-0c7217cdde317cfec",
            "arn": "arn:aws:ec2:us-east-1:533220667167:instance/i-06d987a02f475ce36",
            "associate_public_ip_address": true,
            "availability_zone": "us-east-1b",
            "capacity_reservation_specification": [
              {
                "capacity_reservation_preference": "open",
                "capacity_reservation_target": []
              }
            ],
            "cpu_options": [
              {
                "amd_sev_snp": "",
                "core_count": 1,
                "nested_virtualization": "",
                "threads_per_core": 2
              }
            ],
            "credit_specification": [],
            "disable_api_stop": false,
            "disable_api_termination": false,
            "ebs_block_device": [],
            "ebs_optimized": false,
            "enable_primary_ipv6": null,
            "enclave_options": [
              {
                "enabled": false
              }
            ],
            "ephemeral_block_device": [],
            "force_destroy": false,
            "get_password_data": false,
            "hibernation": false,
            "host_id": "",
            "host_resource_group_arn": null,
            "iam_instance_profile": "",
            "id": "i-06d987a02f475ce36",
            "instance_initiated_shutdown_behavior": "stop",
            "instance_lifecycle": "",
            "instance_market_options": [],
            "instance_state": "running",
            "instance_type": "c7i-flex.large",
            "ipv6_address_count": 0,
            "ipv6_addresses": [],
            "key_name": "devops-project-key",
            "launch_template": [],
            "maintenance_options": [
              {
                "auto_recovery": "default"
              }
            ],
            "metadata_options": [
              {
                "http_endpoint": "enabled",
                "http_protocol_ipv6": "disabled",
                "http_put_response_hop_limit": 1,
                "http_tokens": "optional",
                "instance_metadata_tags": "disabled"
              }
            ],
            "monitoring": false,
            "network_interface": [],
            "outpost_arn": "",
            "password_data": "",
            "placement_group": "",
            "placement_group_id": "",
            "placement_partition_number": 0,
            "primary_network_interface": [
              {
                "delete_on_termination": true,
                "network_interface_id": "eni-0c7b5bad996d140de"
              }
            ],
            "primary_network_interface_id": "eni-0c7b5bad996d140de",
            "private_dns": "ip-10-0-1-187.ec2.internal",
            "private_dns_name_options": [
              {
                "enable_resource_name_dns_a_record": false,
                "enable_resource_name_dns_aaaa_record": false,
                "hostname_type": "ip-name"
              }
            ],
            "private_ip": "10.0.1.187",
            "public_dns": "",
            "public_ip": "13.219.102.60",
            "region": "us-east-1",
            "root_block_device": [
              {
                "delete_on_termination": true,
                "device_name": "/dev/sda1",
                "encrypted": false,
                "iops": 100,
                "kms_key_id": "",
                "tags": {},
                "tags_all": {},
                "throughput": 0,
                "volume_id": "vol-0b7e146c257d2c769",
                "volume_size": 8,
                "volume_type": "gp2"
              }
            ],
            "secondary_network_interface": [],
            "secondary_private_ips": [],
            "security_groups": [],
            "source_dest_check": true,
            "spot_instance_request_id": "",
            "subnet_id": "subnet-09135180b2b05c8be",
            "tags": {
              "Name": "Bastion-Host"
            },
            "tags_all": {
              "Name": "Bastion-Host"
            },
            "tenancy": "default",
            "timeouts": null,
            "user_data": null,
            "user_data_base64": null,
            "user_data_replace_on_change": false,
            "volume_tags": null,
            "vpc_security_group_ids": [
              "sg-0a03f1a532dbe420e"
            ]
          },
          "sensitive_attributes": [],
          "identity_schema_version": 0,
          "identity": {
            "account_id": "533220667167",
            "id": "i-06d987a02f475ce36",
            "region": "us-east-1"
          },
          "private": "eyJlMmJmYjczMC1lY2FhLTExZTYtOGY4OC0zNDM2M2JjN2M0YzAiOnsiY3JlYXRlIjo2MDAwMDAwMDAwMDAsImRlbGV0ZSI6MTIwMDAwMDAwMDAwMCwicmVhZCI6OTAwMDAwMDAwMDAwLCJ1cGRhdGUiOjYwMDAwMDAwMDAwMH0sInNjaGVtYV92ZXJzaW9uIjoiMiJ9",
          "dependencies": [
            "aws_key_pair.deployer_key",
            "aws_security_group.bastion_sg",
            "aws_subnet.public_subnet_1",
            "aws_vpc.main_vpc",
            "tls_private_key.main_key"
          ]
        }
      ]
    },
    {
      "mode": "managed",
      "type": "aws_instance",
      "name": "jenkins",
      "provider": "provider[\"registry.terraform.io/hashicorp/aws\"]",
      "instances": [
        {
          "schema_version": 2,
          "attributes": {
            "ami": "ami-0c7217cdde317cfec",
            "arn": "arn:aws:ec2:us-east-1:533220667167:instance/i-0cd04db4b486547e6",
            "associate_public_ip_address": false,
            "availability_zone": "us-east-1b",
            "capacity_reservation_specification": [
              {
                "capacity_reservation_preference": "open",
                "capacity_reservation_target": []
              }
            ],
            "cpu_options": [
              {
                "amd_sev_snp": "",
                "core_count": 1,
                "nested_virtualization": "",
                "threads_per_core": 2
              }
            ],
            "credit_specification": [],
            "disable_api_stop": false,
            "disable_api_termination": false,
            "ebs_block_device": [],
            "ebs_optimized": false,
            "enable_primary_ipv6": null,
            "enclave_options": [
              {
                "enabled": false
              }
            ],
            "ephemeral_block_device": [],
            "force_destroy": false,
            "get_password_data": false,
            "hibernation": false,
            "host_id": "",
            "host_resource_group_arn": null,
            "iam_instance_profile": "",
            "id": "i-0cd04db4b486547e6",
            "instance_initiated_shutdown_behavior": "stop",
            "instance_lifecycle": "",
            "instance_market_options": [],
            "instance_state": "running",
            "instance_type": "c7i-flex.large",
            "ipv6_address_count": 0,
            "ipv6_addresses": [],
            "key_name": "devops-project-key",
            "launch_template": [],
            "maintenance_options": [
              {
                "auto_recovery": "default"
              }
            ],
            "metadata_options": [
              {
                "http_endpoint": "enabled",
                "http_protocol_ipv6": "disabled",
                "http_put_response_hop_limit": 1,
                "http_tokens": "optional",
                "instance_metadata_tags": "disabled"
              }
            ],
            "monitoring": false,
            "network_interface": [],
            "outpost_arn": "",
            "password_data": "",
            "placement_group": "",
            "placement_group_id": "",
            "placement_partition_number": 0,
            "primary_network_interface": [
              {
                "delete_on_termination": true,
                "network_interface_id": "eni-095ed8a32a392b8de"
              }
            ],
            "primary_network_interface_id": "eni-095ed8a32a392b8de",
            "private_dns": "ip-10-0-3-107.ec2.internal",
            "private_dns_name_options": [
              {
                "enable_resource_name_dns_a_record": false,
                "enable_resource_name_dns_aaaa_record": false,
                "hostname_type": "ip-name"
              }
            ],
            "private_ip": "10.0.3.107",
            "public_dns": "",
            "public_ip": "",
            "region": "us-east-1",
            "root_block_device": [
              {
                "delete_on_termination": true,
                "device_name": "/dev/sda1",
                "encrypted": false,
                "iops": 100,
                "kms_key_id": "",
                "tags": {},
                "tags_all": {},
                "throughput": 0,
                "volume_id": "vol-00afdb0d51a2caec9",
                "volume_size": 8,
                "volume_type": "gp2"
              }
            ],
            "secondary_network_interface": [],
            "secondary_private_ips": [],
            "security_groups": [],
            "source_dest_check": true,
            "spot_instance_request_id": "",
            "subnet_id": "subnet-0da0b77273b6b60a7",
            "tags": {
              "Name": "Jenkins-Server"
            },
            "tags_all": {
              "Name": "Jenkins-Server"
            },
            "tenancy": "default",
            "timeouts": null,
            "user_data": null,
            "user_data_base64": null,
            "user_data_replace_on_change": false,
            "volume_tags": null,
            "vpc_security_group_ids": [
              "sg-0460243dc71cc836a"
            ]
          },
          "sensitive_attributes": [],
          "identity_schema_version": 0,
          "identity": {
            "account_id": "533220667167",
            "id": "i-0cd04db4b486547e6",
            "region": "us-east-1"
          },
          "private": "eyJlMmJmYjczMC1lY2FhLTExZTYtOGY4OC0zNDM2M2JjN2M0YzAiOnsiY3JlYXRlIjo2MDAwMDAwMDAwMDAsImRlbGV0ZSI6MTIwMDAwMDAwMDAwMCwicmVhZCI6OTAwMDAwMDAwMDAwLCJ1cGRhdGUiOjYwMDAwMDAwMDAwMH0sInNjaGVtYV92ZXJzaW9uIjoiMiJ9",
          "dependencies": [
            "aws_key_pair.deployer_key",
            "aws_security_group.bastion_sg",
            "aws_security_group.jenkins_sg",
            "aws_subnet.private_subnet_1",
            "aws_vpc.main_vpc",
            "tls_private_key.main_key"
          ]
        }
      ]
    },
    {
      "mode": "managed",
      "type": "aws_instance",
      "name": "sonarqube",
      "provider": "provider[\"registry.terraform.io/hashicorp/aws\"]",
      "instances": [
        {
          "schema_version": 2,
          "attributes": {
            "ami": "ami-0c7217cdde317cfec",
            "arn": "arn:aws:ec2:us-east-1:533220667167:instance/i-0f07306e400dfc7af",
            "associate_public_ip_address": false,
            "availability_zone": "us-east-1b",
            "capacity_reservation_specification": [
              {
                "capacity_reservation_preference": "open",
                "capacity_reservation_target": []
              }
            ],
            "cpu_options": [
              {
                "amd_sev_snp": "",
                "core_count": 1,
                "nested_virtualization": "",
                "threads_per_core": 2
              }
            ],
            "credit_specification": [],
            "disable_api_stop": false,
            "disable_api_termination": false,
            "ebs_block_device": [],
            "ebs_optimized": false,
            "enable_primary_ipv6": null,
            "enclave_options": [
              {
                "enabled": false
              }
            ],
            "ephemeral_block_device": [],
            "force_destroy": false,
            "get_password_data": false,
            "hibernation": false,
            "host_id": "",
            "host_resource_group_arn": null,
            "iam_instance_profile": "",
            "id": "i-0f07306e400dfc7af",
            "instance_initiated_shutdown_behavior": "stop",
            "instance_lifecycle": "",
            "instance_market_options": [],
            "instance_state": "running",
            "instance_type": "c7i-flex.large",
            "ipv6_address_count": 0,
            "ipv6_addresses": [],
            "key_name": "devops-project-key",
            "launch_template": [],
            "maintenance_options": [
              {
                "auto_recovery": "default"
              }
            ],
            "metadata_options": [
              {
                "http_endpoint": "enabled",
                "http_protocol_ipv6": "disabled",
                "http_put_response_hop_limit": 1,
                "http_tokens": "optional",
                "instance_metadata_tags": "disabled"
              }
            ],
            "monitoring": false,
            "network_interface": [],
            "outpost_arn": "",
            "password_data": "",
            "placement_group": "",
            "placement_group_id": "",
            "placement_partition_number": 0,
            "primary_network_interface": [
              {
                "delete_on_termination": true,
                "network_interface_id": "eni-07c711795f028299f"
              }
            ],
            "primary_network_interface_id": "eni-07c711795f028299f",
            "private_dns": "ip-10-0-4-148.ec2.internal",
            "private_dns_name_options": [
              {
                "enable_resource_name_dns_a_record": false,
                "enable_resource_name_dns_aaaa_record": false,
                "hostname_type": "ip-name"
              }
            ],
            "private_ip": "10.0.4.148",
            "public_dns": "",
            "public_ip": "",
            "region": "us-east-1",
            "root_block_device": [
              {
                "delete_on_termination": true,
                "device_name": "/dev/sda1",
                "encrypted": false,
                "iops": 100,
                "kms_key_id": "",
                "tags": {},
                "tags_all": {},
                "throughput": 0,
                "volume_id": "vol-0a81a58b3b2e47f12",
                "volume_size": 8,
                "volume_type": "gp2"
              }
            ],
            "secondary_network_interface": [],
            "secondary_private_ips": [],
            "security_groups": [],
            "source_dest_check": true,
            "spot_instance_request_id": "",
            "subnet_id": "subnet-070626552fa2f57a4",
            "tags": {
              "Name": "SonarQube-Server"
            },
            "tags_all": {
              "Name": "SonarQube-Server"
            },
            "tenancy": "default",
            "timeouts": null,
            "user_data": null,
            "user_data_base64": null,
            "user_data_replace_on_change": false,
            "volume_tags": null,
            "vpc_security_group_ids": [
              "sg-0f31ccbf6293288c6"
            ]
          },
          "sensitive_attributes": [],
          "identity_schema_version": 0,
          "identity": {
            "account_id": "533220667167",
            "id": "i-0f07306e400dfc7af",
            "region": "us-east-1"
          },
          "private": "eyJlMmJmYjczMC1lY2FhLTExZTYtOGY4OC0zNDM2M2JjN2M0YzAiOnsiY3JlYXRlIjo2MDAwMDAwMDAwMDAsImRlbGV0ZSI6MTIwMDAwMDAwMDAwMCwicmVhZCI6OTAwMDAwMDAwMDAwLCJ1cGRhdGUiOjYwMDAwMDAwMDAwMH0sInNjaGVtYV92ZXJzaW9uIjoiMiJ9",
          "dependencies": [
            "aws_key_pair.deployer_key",
            "aws_security_group.bastion_sg",
            "aws_security_group.jenkins_sg",
            "aws_security_group.sonarqube_sg",
            "aws_subnet.private_subnet_2",
            "aws_vpc.main_vpc",
            "tls_private_key.main_key"
          ]
        }
      ]
    },
    {
      "mode": "managed",
      "type": "aws_internet_gateway",
      "name": "igw",
      "provider": "provider[\"registry.terraform.io/hashicorp/aws\"]",
      "instances": [
        {
          "schema_version": 0,
          "attributes": {
            "arn": "arn:aws:ec2:us-east-1:533220667167:internet-gateway/igw-0a4c4ba104b4b17e3",
            "id": "igw-0a4c4ba104b4b17e3",
            "owner_id": "533220667167",
            "region": "us-east-1",
            "tags": {
              "Name": "DevOps-Project-IGW"
            },
            "tags_all": {
              "Name": "DevOps-Project-IGW"
            },
            "timeouts": null,
            "vpc_id": "vpc-07ba27ed582dbdffe"
          },
          "sensitive_attributes": [],
          "identity_schema_version": 0,
          "private": "eyJlMmJmYjczMC1lY2FhLTExZTYtOGY4OC0zNDM2M2JjN2M0YzAiOnsiY3JlYXRlIjoxMjAwMDAwMDAwMDAwLCJkZWxldGUiOjEyMDAwMDAwMDAwMDAsInVwZGF0ZSI6MTIwMDAwMDAwMDAwMH19",
          "dependencies": [
            "aws_vpc.main_vpc"
          ]
        }
      ]
    },
    {
      "mode": "managed",
      "type": "aws_key_pair",
      "name": "deployer_key",
      "provider": "provider[\"registry.terraform.io/hashicorp/aws\"]",
      "instances": [
        {
          "schema_version": 1,
          "attributes": {
            "arn": "arn:aws:ec2:us-east-1:533220667167:key-pair/devops-project-key",
            "fingerprint": "9e:5f:86:df:f8:52:9b:ea:9e:6d:75:bb:e8:22:3b:3e",
            "id": "devops-project-key",
            "key_name": "devops-project-key",
            "key_name_prefix": "",
            "key_pair_id": "key-042a4ed6a70d0a287",
            "key_type": "rsa",
            "public_key": "ssh-rsa AAAAB3NzaC1yc2EAAAADAQABAAACAQDWFGaSyDil0u81GTTUR4nsJQEnecJqi4MfvwiLY6PndUKMHaIYQdXINNexnhwEViS8NcPeRpxKSI3fJ55wewzKz7TKD/pJl+usWtuxUMENM21IGese99RIQJOwmwGd9iGzIxFNYZX7CHFfk9XnTtHcrFXJ1mD2e6zyg9ff8gQPKMOI76neniYqWWtvySRR28+C+dIAtPqQKxfRa2cgBgzrWyBIeRnrICr5zENWyDx9hX7W1OjZ1qbn/b5jVytiyS4Ie8R4AkOby8WIumYm8HM/IUmx/goB1ttNh08RwGiDAfzMSIMMiNtSxxuLNohYOIAIVZl5K2T0Qf9iwQxGvqRJiW0M9FFt5IT99ZxLJe1+otKFXjJUcEbprbnrWVqOnuu3uy4he+qBCETi9alpqNTxo2yNCsVS37ieq9+Efu/2P5l0VYmTC1d6FEwIgSZl/ulBy7vEgUqYBwnpMyViVaY7/qEHBz/jG5QkYZJRTEaHVyxbAE5IuKE5rYpXgq9U90JsA7ttiDw11aHBEqGXsAdim6XTppFd9/d6G7dGZN6liLIHjrLSC5uPjSUFwLarSHnnTKQpD1AB/1nu3CB6MV1TePPiohkQY21Xi2JqUolHWEvmmemS/Aw6OYShANqFQdvHRm36noMaH59X8EuCqXm99u2eQTXu/4NVlnspZoFrAw==",
            "region": "us-east-1",
            "tags": {},
            "tags_all": {}
          },
          "sensitive_attributes": [],
          "identity_schema_version": 0,
          "private": "eyJzY2hlbWFfdmVyc2lvbiI6IjEifQ==",
          "dependencies": [
            "tls_private_key.main_key"
          ]
        }
      ]
    },
    {
      "mode": "managed",
      "type": "aws_nat_gateway",
      "name": "nat_gw",
      "provider": "provider[\"registry.terraform.io/hashicorp/aws\"]",
      "instances": [
        {
          "schema_version": 0,
          "attributes": {
            "allocation_id": "eipalloc-07777da7355918042",
            "association_id": "eipassoc-0106273728207f412",
            "auto_provision_zones": null,
            "auto_scaling_ips": null,
            "availability_mode": "zonal",
            "availability_zone_address": [],
            "connectivity_type": "public",
            "id": "nat-0295bd2e462698a6c",
            "network_interface_id": "eni-006ab32b5873db114",
            "private_ip": "10.0.1.59",
            "public_ip": "34.206.218.12",
            "region": "us-east-1",
            "regional_nat_gateway_address": [],
            "regional_nat_gateway_auto_mode": null,
            "route_table_id": null,
            "secondary_allocation_ids": [],
            "secondary_private_ip_address_count": 0,
            "secondary_private_ip_addresses": [],
            "subnet_id": "subnet-09135180b2b05c8be",
            "tags": {
              "Name": "NAT-Gateway"
            },
            "tags_all": {
              "Name": "NAT-Gateway"
            },
            "timeouts": null,
            "vpc_id": "vpc-07ba27ed582dbdffe"
          },
          "sensitive_attributes": [],
          "identity_schema_version": 0,
          "private": "eyJlMmJmYjczMC1lY2FhLTExZTYtOGY4OC0zNDM2M2JjN2M0YzAiOnsiY3JlYXRlIjo2MDAwMDAwMDAwMDAsImRlbGV0ZSI6MTgwMDAwMDAwMDAwMCwidXBkYXRlIjo2MDAwMDAwMDAwMDB9fQ==",
          "dependencies": [
            "aws_eip.nat_eip",
            "aws_subnet.public_subnet_1",
            "aws_vpc.main_vpc"
          ]
        }
      ]
    },
    {
      "mode": "managed",
      "type": "aws_route_table",
      "name": "private_rt",
      "provider": "provider[\"registry.terraform.io/hashicorp/aws\"]",
      "instances": [
        {
          "schema_version": 0,
          "attributes": {
            "arn": "arn:aws:ec2:us-east-1:533220667167:route-table/rtb-096b6d0e7c2ad812e",
            "id": "rtb-096b6d0e7c2ad812e",
            "owner_id": "533220667167",
            "propagating_vgws": [],
            "region": "us-east-1",
            "route": [
              {
                "carrier_gateway_id": "",
                "cidr_block": "0.0.0.0/0",
                "core_network_arn": "",
                "destination_prefix_list_id": "",
                "egress_only_gateway_id": "",
                "gateway_id": "",
                "ipv6_cidr_block": "",
                "local_gateway_id": "",
                "nat_gateway_id": "nat-0295bd2e462698a6c",
                "network_interface_id": "",
                "transit_gateway_id": "",
                "vpc_endpoint_id": "",
                "vpc_peering_connection_id": ""
              }
            ],
            "tags": {
              "Name": "Private-Route-Table"
            },
            "tags_all": {
              "Name": "Private-Route-Table"
            },
            "timeouts": null,
            "vpc_id": "vpc-07ba27ed582dbdffe"
          },
          "sensitive_attributes": [],
          "identity_schema_version": 0,
          "identity": {
            "account_id": "533220667167",
            "id": "rtb-096b6d0e7c2ad812e",
            "region": "us-east-1"
          },
          "private": "eyJlMmJmYjczMC1lY2FhLTExZTYtOGY4OC0zNDM2M2JjN2M0YzAiOnsiY3JlYXRlIjozMDAwMDAwMDAwMDAsImRlbGV0ZSI6MzAwMDAwMDAwMDAwLCJ1cGRhdGUiOjEyMDAwMDAwMDAwMH19",
          "dependencies": [
            "aws_eip.nat_eip",
            "aws_nat_gateway.nat_gw",
            "aws_subnet.public_subnet_1",
            "aws_vpc.main_vpc"
          ]
        }
      ]
    },
    {
      "mode": "managed",
      "type": "aws_route_table",
      "name": "public_rt",
      "provider": "provider[\"registry.terraform.io/hashicorp/aws\"]",
      "instances": [
        {
          "schema_version": 0,
          "attributes": {
            "arn": "arn:aws:ec2:us-east-1:533220667167:route-table/rtb-024788d0dfd11635e",
            "id": "rtb-024788d0dfd11635e",
            "owner_id": "533220667167",
            "propagating_vgws": [],
            "region": "us-east-1",
            "route": [
              {
                "carrier_gateway_id": "",
                "cidr_block": "0.0.0.0/0",
                "core_network_arn": "",
                "destination_prefix_list_id": "",
                "egress_only_gateway_id": "",
                "gateway_id": "igw-0a4c4ba104b4b17e3",
                "ipv6_cidr_block": "",
                "local_gateway_id": "",
                "nat_gateway_id": "",
                "network_interface_id": "",
                "transit_gateway_id": "",
                "vpc_endpoint_id": "",
                "vpc_peering_connection_id": ""
              }
            ],
            "tags": {
              "Name": "Public-Route-Table"
            },
            "tags_all": {
              "Name": "Public-Route-Table"
            },
            "timeouts": null,
            "vpc_id": "vpc-07ba27ed582dbdffe"
          },
          "sensitive_attributes": [],
          "identity_schema_version": 0,
          "identity": {
            "account_id": "533220667167",
            "id": "rtb-024788d0dfd11635e",
            "region": "us-east-1"
          },
          "private": "eyJlMmJmYjczMC1lY2FhLTExZTYtOGY4OC0zNDM2M2JjN2M0YzAiOnsiY3JlYXRlIjozMDAwMDAwMDAwMDAsImRlbGV0ZSI6MzAwMDAwMDAwMDAwLCJ1cGRhdGUiOjEyMDAwMDAwMDAwMH19",
          "dependencies": [
            "aws_internet_gateway.igw",
            "aws_vpc.main_vpc"
          ]
        }
      ]
    },
    {
      "mode": "managed",
      "type": "aws_route_table_association",
      "name": "private_rta_1",
      "provider": "provider[\"registry.terraform.io/hashicorp/aws\"]",
      "instances": [
        {
          "schema_version": 0,
          "attributes": {
            "gateway_id": "",
            "id": "rtbassoc-0725ae9e0d9bbff0e",
            "region": "us-east-1",
            "route_table_id": "rtb-096b6d0e7c2ad812e",
            "subnet_id": "subnet-0da0b77273b6b60a7",
            "timeouts": null
          },
          "sensitive_attributes": [],
          "identity_schema_version": 0,
          "private": "eyJlMmJmYjczMC1lY2FhLTExZTYtOGY4OC0zNDM2M2JjN2M0YzAiOnsiY3JlYXRlIjozMDAwMDAwMDAwMDAsImRlbGV0ZSI6MzAwMDAwMDAwMDAwLCJ1cGRhdGUiOjEyMDAwMDAwMDAwMH19",
          "dependencies": [
            "aws_eip.nat_eip",
            "aws_nat_gateway.nat_gw",
            "aws_route_table.private_rt",
            "aws_subnet.private_subnet_1",
            "aws_subnet.public_subnet_1",
            "aws_vpc.main_vpc"
          ]
        }
      ]
    },
    {
      "mode": "managed",
      "type": "aws_route_table_association",
      "name": "private_rta_2",
      "provider": "provider[\"registry.terraform.io/hashicorp/aws\"]",
      "instances": [
        {
          "schema_version": 0,
          "attributes": {
            "gateway_id": "",
            "id": "rtbassoc-041b48dd0215c858c",
            "region": "us-east-1",
            "route_table_id": "rtb-096b6d0e7c2ad812e",
            "subnet_id": "subnet-070626552fa2f57a4",
            "timeouts": null
          },
          "sensitive_attributes": [],
          "identity_schema_version": 0,
          "private": "eyJlMmJmYjczMC1lY2FhLTExZTYtOGY4OC0zNDM2M2JjN2M0YzAiOnsiY3JlYXRlIjozMDAwMDAwMDAwMDAsImRlbGV0ZSI6MzAwMDAwMDAwMDAwLCJ1cGRhdGUiOjEyMDAwMDAwMDAwMH19",
          "dependencies": [
            "aws_eip.nat_eip",
            "aws_nat_gateway.nat_gw",
            "aws_route_table.private_rt",
            "aws_subnet.private_subnet_2",
            "aws_subnet.public_subnet_1",
            "aws_vpc.main_vpc"
          ]
        }
      ]
    },
    {
      "mode": "managed",
      "type": "aws_route_table_association",
      "name": "public_rta_1",
      "provider": "provider[\"registry.terraform.io/hashicorp/aws\"]",
      "instances": [
        {
          "schema_version": 0,
          "attributes": {
            "gateway_id": "",
            "id": "rtbassoc-0194e916b01d44c44",
            "region": "us-east-1",
            "route_table_id": "rtb-024788d0dfd11635e",
            "subnet_id": "subnet-09135180b2b05c8be",
            "timeouts": null
          },
          "sensitive_attributes": [],
          "identity_schema_version": 0,
          "private": "eyJlMmJmYjczMC1lY2FhLTExZTYtOGY4OC0zNDM2M2JjN2M0YzAiOnsiY3JlYXRlIjozMDAwMDAwMDAwMDAsImRlbGV0ZSI6MzAwMDAwMDAwMDAwLCJ1cGRhdGUiOjEyMDAwMDAwMDAwMH19",
          "dependencies": [
            "aws_internet_gateway.igw",
            "aws_route_table.public_rt",
            "aws_subnet.public_subnet_1",
            "aws_vpc.main_vpc"
          ]
        }
      ]
    },
    {
      "mode": "managed",
      "type": "aws_route_table_association",
      "name": "public_rta_2",
      "provider": "provider[\"registry.terraform.io/hashicorp/aws\"]",
      "instances": [
        {
          "schema_version": 0,
          "attributes": {
            "gateway_id": "",
            "id": "rtbassoc-035d5f5c69fc8f6f5",
            "region": "us-east-1",
            "route_table_id": "rtb-024788d0dfd11635e",
            "subnet_id": "subnet-098778f7ca6cc8164",
            "timeouts": null
          },
          "sensitive_attributes": [],
          "identity_schema_version": 0,
          "private": "eyJlMmJmYjczMC1lY2FhLTExZTYtOGY4OC0zNDM2M2JjN2M0YzAiOnsiY3JlYXRlIjozMDAwMDAwMDAwMDAsImRlbGV0ZSI6MzAwMDAwMDAwMDAwLCJ1cGRhdGUiOjEyMDAwMDAwMDAwMH19",
          "dependencies": [
            "aws_internet_gateway.igw",
            "aws_route_table.public_rt",
            "aws_subnet.public_subnet_2",
            "aws_vpc.main_vpc"
          ]
        }
      ]
    },
    {
      "mode": "managed",
      "type": "aws_security_group",
      "name": "bastion_sg",
      "provider": "provider[\"registry.terraform.io/hashicorp/aws\"]",
      "instances": [
        {
          "schema_version": 1,
          "attributes": {
            "arn": "arn:aws:ec2:us-east-1:533220667167:security-group/sg-0a03f1a532dbe420e",
            "description": "Managed by Terraform",
            "egress": [
              {
                "cidr_blocks": [
                  "0.0.0.0/0"
                ],
                "description": "",
                "from_port": 0,
                "ipv6_cidr_blocks": [],
                "prefix_list_ids": [],
                "protocol": "-1",
                "security_groups": [],
                "self": false,
                "to_port": 0
              }
            ],
            "id": "sg-0a03f1a532dbe420e",
            "ingress": [
              {
                "cidr_blocks": [
                  "0.0.0.0/0"
                ],
                "description": "",
                "from_port": 22,
                "ipv6_cidr_blocks": [],
                "prefix_list_ids": [],
                "protocol": "tcp",
                "security_groups": [],
                "self": false,
                "to_port": 22
              }
            ],
            "name": "bastion-sg",
            "name_prefix": "",
            "owner_id": "533220667167",
            "region": "us-east-1",
            "revoke_rules_on_delete": false,
            "tags": {},
            "tags_all": {},
            "timeouts": null,
            "vpc_id": "vpc-07ba27ed582dbdffe"
          },
          "sensitive_attributes": [],
          "identity_schema_version": 0,
          "identity": {
            "account_id": "533220667167",
            "id": "sg-0a03f1a532dbe420e",
            "region": "us-east-1"
          },
          "private": "eyJlMmJmYjczMC1lY2FhLTExZTYtOGY4OC0zNDM2M2JjN2M0YzAiOnsiY3JlYXRlIjo2MDAwMDAwMDAwMDAsImRlbGV0ZSI6OTAwMDAwMDAwMDAwfSwic2NoZW1hX3ZlcnNpb24iOiIxIn0=",
          "dependencies": [
            "aws_vpc.main_vpc"
          ]
        }
      ]
    },
    {
      "mode": "managed",
      "type": "aws_security_group",
      "name": "jenkins_sg",
      "provider": "provider[\"registry.terraform.io/hashicorp/aws\"]",
      "instances": [
        {
          "schema_version": 1,
          "attributes": {
            "arn": "arn:aws:ec2:us-east-1:533220667167:security-group/sg-0460243dc71cc836a",
            "description": "Managed by Terraform",
            "egress": [
              {
                "cidr_blocks": [
                  "0.0.0.0/0"
                ],
                "description": "",
                "from_port": 0,
                "ipv6_cidr_blocks": [],
                "prefix_list_ids": [],
                "protocol": "-1",
                "security_groups": [],
                "self": false,
                "to_port": 0
              }
            ],
            "id": "sg-0460243dc71cc836a",
            "ingress": [
              {
                "cidr_blocks": [
                  "10.0.0.0/16"
                ],
                "description": "",
                "from_port": 8080,
                "ipv6_cidr_blocks": [],
                "prefix_list_ids": [],
                "protocol": "tcp",
                "security_groups": [],
                "self": false,
                "to_port": 8080
              },
              {
                "cidr_blocks": [],
                "description": "",
                "from_port": 22,
                "ipv6_cidr_blocks": [],
                "prefix_list_ids": [],
                "protocol": "tcp",
                "security_groups": [
                  "sg-0a03f1a532dbe420e"
                ],
                "self": false,
                "to_port": 22
              }
            ],
            "name": "jenkins-sg",
            "name_prefix": "",
            "owner_id": "533220667167",
            "region": "us-east-1",
            "revoke_rules_on_delete": false,
            "tags": {},
            "tags_all": {},
            "timeouts": null,
            "vpc_id": "vpc-07ba27ed582dbdffe"
          },
          "sensitive_attributes": [],
          "identity_schema_version": 0,
          "identity": {
            "account_id": "533220667167",
            "id": "sg-0460243dc71cc836a",
            "region": "us-east-1"
          },
          "private": "eyJlMmJmYjczMC1lY2FhLTExZTYtOGY4OC0zNDM2M2JjN2M0YzAiOnsiY3JlYXRlIjo2MDAwMDAwMDAwMDAsImRlbGV0ZSI6OTAwMDAwMDAwMDAwfSwic2NoZW1hX3ZlcnNpb24iOiIxIn0=",
          "dependencies": [
            "aws_security_group.bastion_sg",
            "aws_vpc.main_vpc"
          ]
        }
      ]
    },
    {
      "mode": "managed",
      "type": "aws_security_group",
      "name": "sonarqube_sg",
      "provider": "provider[\"registry.terraform.io/hashicorp/aws\"]",
      "instances": [
        {
          "schema_version": 1,
          "attributes": {
            "arn": "arn:aws:ec2:us-east-1:533220667167:security-group/sg-0f31ccbf6293288c6",
            "description": "Managed by Terraform",
            "egress": [
              {
                "cidr_blocks": [
                  "0.0.0.0/0"
                ],
                "description": "",
                "from_port": 0,
                "ipv6_cidr_blocks": [],
                "prefix_list_ids": [],
                "protocol": "-1",
                "security_groups": [],
                "self": false,
                "to_port": 0
              }
            ],
            "id": "sg-0f31ccbf6293288c6",
            "ingress": [
              {
                "cidr_blocks": [],
                "description": "",
                "from_port": 22,
                "ipv6_cidr_blocks": [],
                "prefix_list_ids": [],
                "protocol": "tcp",
                "security_groups": [
                  "sg-0a03f1a532dbe420e"
                ],
                "self": false,
                "to_port": 22
              },
              {
                "cidr_blocks": [],
                "description": "",
                "from_port": 9000,
                "ipv6_cidr_blocks": [],
                "prefix_list_ids": [],
                "protocol": "tcp",
                "security_groups": [
                  "sg-0460243dc71cc836a"
                ],
                "self": false,
                "to_port": 9000
              }
            ],
            "name": "sonarqube-sg",
            "name_prefix": "",
            "owner_id": "533220667167",
            "region": "us-east-1",
            "revoke_rules_on_delete": false,
            "tags": {},
            "tags_all": {},
            "timeouts": null,
            "vpc_id": "vpc-07ba27ed582dbdffe"
          },
          "sensitive_attributes": [],
          "identity_schema_version": 0,
          "identity": {
            "account_id": "533220667167",
            "id": "sg-0f31ccbf6293288c6",
            "region": "us-east-1"
          },
          "private": "eyJlMmJmYjczMC1lY2FhLTExZTYtOGY4OC0zNDM2M2JjN2M0YzAiOnsiY3JlYXRlIjo2MDAwMDAwMDAwMDAsImRlbGV0ZSI6OTAwMDAwMDAwMDAwfSwic2NoZW1hX3ZlcnNpb24iOiIxIn0=",
          "dependencies": [
            "aws_security_group.bastion_sg",
            "aws_security_group.jenkins_sg",
            "aws_vpc.main_vpc"
          ]
        }
      ]
    },
    {
      "mode": "managed",
      "type": "aws_subnet",
      "name": "private_subnet_1",
      "provider": "provider[\"registry.terraform.io/hashicorp/aws\"]",
      "instances": [
        {
          "schema_version": 1,
          "attributes": {
            "arn": "arn:aws:ec2:us-east-1:533220667167:subnet/subnet-0da0b77273b6b60a7",
            "assign_ipv6_address_on_creation": false,
            "availability_zone": "us-east-1b",
            "availability_zone_id": "use1-az2",
            "cidr_block": "10.0.3.0/24",
            "customer_owned_ipv4_pool": "",
            "enable_dns64": false,
            "enable_lni_at_device_index": 0,
            "enable_resource_name_dns_a_record_on_launch": false,
            "enable_resource_name_dns_aaaa_record_on_launch": false,
            "id": "subnet-0da0b77273b6b60a7",
            "ipv4_ipam_pool_id": null,
            "ipv4_netmask_length": null,
            "ipv6_cidr_block": "",
            "ipv6_cidr_block_association_id": "",
            "ipv6_ipam_pool_id": null,
            "ipv6_native": false,
            "ipv6_netmask_length": null,
            "map_customer_owned_ip_on_launch": false,
            "map_public_ip_on_launch": false,
            "outpost_arn": "",
            "owner_id": "533220667167",
            "private_dns_hostname_type_on_launch": "ip-name",
            "region": "us-east-1",
            "tags": {
              "Name": "Private-Subnet-1"
            },
            "tags_all": {
              "Name": "Private-Subnet-1"
            },
            "timeouts": null,
            "vpc_id": "vpc-07ba27ed582dbdffe"
          },
          "sensitive_attributes": [],
          "identity_schema_version": 0,
          "identity": {
            "account_id": "533220667167",
            "id": "subnet-0da0b77273b6b60a7",
            "region": "us-east-1"
          },
          "private": "eyJlMmJmYjczMC1lY2FhLTExZTYtOGY4OC0zNDM2M2JjN2M0YzAiOnsiY3JlYXRlIjo2MDAwMDAwMDAwMDAsImRlbGV0ZSI6MTIwMDAwMDAwMDAwMH0sInNjaGVtYV92ZXJzaW9uIjoiMSJ9",
          "dependencies": [
            "aws_vpc.main_vpc"
          ]
        }
      ]
    },
    {
      "mode": "managed",
      "type": "aws_subnet",
      "name": "private_subnet_2",
      "provider": "provider[\"registry.terraform.io/hashicorp/aws\"]",
      "instances": [
        {
          "schema_version": 1,
          "attributes": {
            "arn": "arn:aws:ec2:us-east-1:533220667167:subnet/subnet-070626552fa2f57a4",
            "assign_ipv6_address_on_creation": false,
            "availability_zone": "us-east-1b",
            "availability_zone_id": "use1-az2",
            "cidr_block": "10.0.4.0/24",
            "customer_owned_ipv4_pool": "",
            "enable_dns64": false,
            "enable_lni_at_device_index": 0,
            "enable_resource_name_dns_a_record_on_launch": false,
            "enable_resource_name_dns_aaaa_record_on_launch": false,
            "id": "subnet-070626552fa2f57a4",
            "ipv4_ipam_pool_id": null,
            "ipv4_netmask_length": null,
            "ipv6_cidr_block": "",
            "ipv6_cidr_block_association_id": "",
            "ipv6_ipam_pool_id": null,
            "ipv6_native": false,
            "ipv6_netmask_length": null,
            "map_customer_owned_ip_on_launch": false,
            "map_public_ip_on_launch": false,
            "outpost_arn": "",
            "owner_id": "533220667167",
            "private_dns_hostname_type_on_launch": "ip-name",
            "region": "us-east-1",
            "tags": {
              "Name": "Private-Subnet-2"
            },
            "tags_all": {
              "Name": "Private-Subnet-2"
            },
            "timeouts": null,
            "vpc_id": "vpc-07ba27ed582dbdffe"
          },
          "sensitive_attributes": [],
          "identity_schema_version": 0,
          "identity": {
            "account_id": "533220667167",
            "id": "subnet-070626552fa2f57a4",
            "region": "us-east-1"
          },
          "private": "eyJlMmJmYjczMC1lY2FhLTExZTYtOGY4OC0zNDM2M2JjN2M0YzAiOnsiY3JlYXRlIjo2MDAwMDAwMDAwMDAsImRlbGV0ZSI6MTIwMDAwMDAwMDAwMH0sInNjaGVtYV92ZXJzaW9uIjoiMSJ9",
          "dependencies": [
            "aws_vpc.main_vpc"
          ]
        }
      ]
    },
    {
      "mode": "managed",
      "type": "aws_subnet",
      "name": "public_subnet_1",
      "provider": "provider[\"registry.terraform.io/hashicorp/aws\"]",
      "instances": [
        {
          "schema_version": 1,
          "attributes": {
            "arn": "arn:aws:ec2:us-east-1:533220667167:subnet/subnet-09135180b2b05c8be",
            "assign_ipv6_address_on_creation": false,
            "availability_zone": "us-east-1b",
            "availability_zone_id": "use1-az2",
            "cidr_block": "10.0.1.0/24",
            "customer_owned_ipv4_pool": "",
            "enable_dns64": false,
            "enable_lni_at_device_index": 0,
            "enable_resource_name_dns_a_record_on_launch": false,
            "enable_resource_name_dns_aaaa_record_on_launch": false,
            "id": "subnet-09135180b2b05c8be",
            "ipv4_ipam_pool_id": null,
            "ipv4_netmask_length": null,
            "ipv6_cidr_block": "",
            "ipv6_cidr_block_association_id": "",
            "ipv6_ipam_pool_id": null,
            "ipv6_native": false,
            "ipv6_netmask_length": null,
            "map_customer_owned_ip_on_launch": false,
            "map_public_ip_on_launch": true,
            "outpost_arn": "",
            "owner_id": "533220667167",
            "private_dns_hostname_type_on_launch": "ip-name",
            "region": "us-east-1",
            "tags": {
              "Name": "Public-Subnet-1"
            },
            "tags_all": {
              "Name": "Public-Subnet-1"
            },
            "timeouts": null,
            "vpc_id": "vpc-07ba27ed582dbdffe"
          },
          "sensitive_attributes": [],
          "identity_schema_version": 0,
          "identity": {
            "account_id": "533220667167",
            "id": "subnet-09135180b2b05c8be",
            "region": "us-east-1"
          },
          "private": "eyJlMmJmYjczMC1lY2FhLTExZTYtOGY4OC0zNDM2M2JjN2M0YzAiOnsiY3JlYXRlIjo2MDAwMDAwMDAwMDAsImRlbGV0ZSI6MTIwMDAwMDAwMDAwMH0sInNjaGVtYV92ZXJzaW9uIjoiMSJ9",
          "dependencies": [
            "aws_vpc.main_vpc"
          ]
        }
      ]
    },
    {
      "mode": "managed",
      "type": "aws_subnet",
      "name": "public_subnet_2",
      "provider": "provider[\"registry.terraform.io/hashicorp/aws\"]",
      "instances": [
        {
          "schema_version": 1,
          "attributes": {
            "arn": "arn:aws:ec2:us-east-1:533220667167:subnet/subnet-098778f7ca6cc8164",
            "assign_ipv6_address_on_creation": false,
            "availability_zone": "us-east-1b",
            "availability_zone_id": "use1-az2",
            "cidr_block": "10.0.2.0/24",
            "customer_owned_ipv4_pool": "",
            "enable_dns64": false,
            "enable_lni_at_device_index": 0,
            "enable_resource_name_dns_a_record_on_launch": false,
            "enable_resource_name_dns_aaaa_record_on_launch": false,
            "id": "subnet-098778f7ca6cc8164",
            "ipv4_ipam_pool_id": null,
            "ipv4_netmask_length": null,
            "ipv6_cidr_block": "",
            "ipv6_cidr_block_association_id": "",
            "ipv6_ipam_pool_id": null,
            "ipv6_native": false,
            "ipv6_netmask_length": null,
            "map_customer_owned_ip_on_launch": false,
            "map_public_ip_on_launch": true,
            "outpost_arn": "",
            "owner_id": "533220667167",
            "private_dns_hostname_type_on_launch": "ip-name",
            "region": "us-east-1",
            "tags": {
              "Name": "Public-Subnet-2"
            },
            "tags_all": {
              "Name": "Public-Subnet-2"
            },
            "timeouts": null,
            "vpc_id": "vpc-07ba27ed582dbdffe"
          },
          "sensitive_attributes": [],
          "identity_schema_version": 0,
          "identity": {
            "account_id": "533220667167",
            "id": "subnet-098778f7ca6cc8164",
            "region": "us-east-1"
          },
          "private": "eyJlMmJmYjczMC1lY2FhLTExZTYtOGY4OC0zNDM2M2JjN2M0YzAiOnsiY3JlYXRlIjo2MDAwMDAwMDAwMDAsImRlbGV0ZSI6MTIwMDAwMDAwMDAwMH0sInNjaGVtYV92ZXJzaW9uIjoiMSJ9",
          "dependencies": [
            "aws_vpc.main_vpc"
          ]
        }
      ]
    },
    {
      "mode": "managed",
      "type": "aws_vpc",
      "name": "main_vpc",
      "provider": "provider[\"registry.terraform.io/hashicorp/aws\"]",
      "instances": [
        {
          "schema_version": 1,
          "attributes": {
            "arn": "arn:aws:ec2:us-east-1:533220667167:vpc/vpc-07ba27ed582dbdffe",
            "assign_generated_ipv6_cidr_block": false,
            "cidr_block": "10.0.0.0/16",
            "default_network_acl_id": "acl-00b670e8273f333a6",
            "default_route_table_id": "rtb-0782a0db99840df33",
            "default_security_group_id": "sg-0d02dff61734adf0d",
            "dhcp_options_id": "dopt-00d2bc2f05609b56a",
            "enable_dns_hostnames": false,
            "enable_dns_support": true,
            "enable_network_address_usage_metrics": false,
            "id": "vpc-07ba27ed582dbdffe",
            "instance_tenancy": "default",
            "ipv4_ipam_pool_id": null,
            "ipv4_netmask_length": null,
            "ipv6_association_id": "",
            "ipv6_cidr_block": "",
            "ipv6_cidr_block_network_border_group": "",
            "ipv6_ipam_pool_id": "",
            "ipv6_netmask_length": 0,
            "main_route_table_id": "rtb-0782a0db99840df33",
            "owner_id": "533220667167",
            "region": "us-east-1",
            "tags": {
              "Name": "DevOps-Project-VPC"
            },
            "tags_all": {
              "Name": "DevOps-Project-VPC"
            }
          },
          "sensitive_attributes": [],
          "identity_schema_version": 0,
          "identity": {
            "account_id": "533220667167",
            "id": "vpc-07ba27ed582dbdffe",
            "region": "us-east-1"
          },
          "private": "eyJzY2hlbWFfdmVyc2lvbiI6IjEifQ=="
        }
      ]
    },
    {
      "mode": "managed",
      "type": "local_file",
      "name": "ansible_config",
      "provider": "provider[\"registry.terraform.io/hashicorp/local\"]",
      "instances": [
        {
          "schema_version": 0,
          "attributes": {
            "content": "[defaults]\ninventory = inventory\nhost_key_checking = False\nremote_user = ubuntu\nprivate_key_file = ../devops-project-key.pem\n    \n[ssh_connection]\nssh_args = -o ProxyCommand=\"ssh -W %h:%p -q -i ../devops-project-key.pem ubuntu@13.219.102.60\"\n",
            "content_base64": null,
            "content_base64sha256": "yJzA1o6x2qIpwX5d9L6vKapIR0Xn9uUkbtms5IOe8Go=",
            "content_base64sha512": "u9DFCwVVdxcaKUt7trnwLrQQN0IKRcIifJ+UmW0pE/v3f5b1jol6km1aHNeK5FOn/YYTeXO7vlaexHdL5yilSg==",
            "content_md5": "1258bf280d646682bc183576b30dacbe",
            "content_sha1": "66860dcffe61fe6647a60ffe73088f1274f176de",
            "content_sha256": "c89cc0d68eb1daa229c17e5df4beaf29aa484745e7f6e5246ed9ace4839ef06a",
            "content_sha512": "bbd0c50b055577171a294b7bb6b9f02eb41037420a45c2227c9f94996d2913fbf77f96f58e897a926d5a1cd78ae453a7fd86137973bbbe569ec4774be728a54a",
            "directory_permission": "0777",
            "file_permission": "0777",
            "filename": "./ansible/ansible.cfg",
            "id": "66860dcffe61fe6647a60ffe73088f1274f176de",
            "sensitive_content": null,
            "source": null
          },
          "sensitive_attributes": [
            [
              {
                "type": "get_attr",
                "value": "sensitive_content"
              }
            ]
          ],
          "identity_schema_version": 0,
          "dependencies": [
            "aws_instance.bastion",
            "aws_key_pair.deployer_key",
            "aws_security_group.bastion_sg",
            "aws_subnet.public_subnet_1",
            "aws_vpc.main_vpc",
            "tls_private_key.main_key"
          ]
        }
      ]
    },
    {
      "mode": "managed",
      "type": "local_file",
      "name": "ansible_inventory",
      "provider": "provider[\"registry.terraform.io/hashicorp/local\"]",
      "instances": [
        {
          "schema_version": 0,
          "attributes": {
            "content": "[jenkins]\n10.0.3.107\n\n[sonarqube]\n10.0.4.148\n",
            "content_base64": null,
            "content_base64sha256": "vRpp78XT3a2IIFFxISNeJ9TQaBZuXWIjFQnOZnzgs2E=",
            "content_base64sha512": "MKmn/vLxo3N+FCPN95fWxot7GiWZbmHfUXXPgepV8zkhqq+D+O93muME4KFbZ7z3KUt/jniOKFU2NjSBNu3QwQ==",
            "content_md5": "a4615a65d4f34d0e1cf8957e4988534b",
            "content_sha1": "625969bf941816011a34e04d426843c1c73df6b0",
            "content_sha256": "bd1a69efc5d3ddad8820517121235e27d4d068166e5d62231509ce667ce0b361",
            "content_sha512": "30a9a7fef2f1a3737e1423cdf797d6c68b7b1a25996e61df5175cf81ea55f33921aaaf83f8ef779ae304e0a15b67bcf7294b7f8e788e28553636348136edd0c1",
            "directory_permission": "0777",
            "file_permission": "0777",
            "filename": "./ansible/inventory",
            "id": "625969bf941816011a34e04d426843c1c73df6b0",
            "sensitive_content": null,
            "source": null
          },
          "sensitive_attributes": [
            [
              {
                "type": "get_attr",
                "value": "sensitive_content"
              }
            ]
          ],
          "identity_schema_version": 0,
          "dependencies": [
            "aws_instance.jenkins",
            "aws_instance.sonarqube",
            "aws_key_pair.deployer_key",
            "aws_security_group.bastion_sg",
            "aws_security_group.jenkins_sg",
            "aws_security_group.sonarqube_sg",
            "aws_subnet.private_subnet_1",
            "aws_subnet.private_subnet_2",
            "aws_vpc.main_vpc",
            "tls_private_key.main_key"
          ]
        }
      ]
    },
    {
      "mode": "managed",
      "type": "local_file",
      "name": "ssh_key",
      "provider": "provider[\"registry.terraform.io/hashicorp/local\"]",
      "instances": [
        {
          "schema_version": 0,
          "attributes": {
            "content": "-----BEGIN RSA PRIVATE KEY-----\nMIIJJwIBAAKCAgEA1hRmksg4pdLvNRk01EeJ7CUBJ3nCaouDH78Ii2Oj53VCjB2i\nGEHVyDTXsZ4cBFYkvDXD3kacSkiN3yeecHsMys+0yg/6SZfrrFrbsVDBDTNtSBnr\nHvfUSECTsJsBnfYhsyMRTWGV+whxX5PV507R3KxVydZg9nus8oPX3/IEDyjDiO+p\n3p4mKllrb8kkUdvPgvnSALT6kCsX0WtnIAYM61sgSHkZ6yAq+cxDVsg8fYV+1tTo\n2dam5/2+Y1crYskuCHvEeAJDm8vFiLpmJvBzPyFJsf4KAdbbTYdPEcBogwH8zEiD\nDIjbUscbizaIWDiACFWZeStk9EH/YsEMRr6kSYltDPRRbeSE/fWcSyXtfqLShV4y\nVHBG6a2561lajp7rt7suIXvqgQhE4vWpaajU8aNsjQrFUt+4nqvfhH7v9j+ZdFWJ\nkwtXehRMCIEmZf7pQcu7xIFKmAcJ6TMlYlWmO/6hBwc/4xuUJGGSUUxGh1csWwBO\nSLihOa2KV4KvVPdCbAO7bYg8NdWhwRKhl7AHYpul06aRXff3ehu3RmTepYiyB46y\n0gubj40lBcC2q0h550ykKQ9QAf9Z7twgejFdU3jz4qIZEGNtV4tialKJR1hL5pnp\nkvwMOjmEoQDahUHbx0Zt+p6DGh+fV/BLgql5vfbtnkE17v+DVZZ7KWaBawMCAwEA\nAQKCAgA+YZl2IiPnpiyQI3UyelolVq8caq2NUHP4FzmNLI7BTnkCzUvDl8OM4GEN\n3824McXolh4qMhcuyi+VHD1d921F1/qNetRrB3rkMWGdLLPkfdzVSsApuPvBxheD\nOdfhyKwPQCO1kb8bdF1dBX4qNdyPWiRxeSeuC2HdFTAdkK9AH5fC2lt8hEcIxh+5\nZjpQJCY2u0dHb3Un93asToixWzH+jwI8PBWiXzBGtA/XROfjh7frMAVeHN9r8JO+\n7NK2qXrhe/dHJRnAV0OLUQ2dQSnD9pY76JPP72TeFZSjzpZlvnmEqYiOaX7Hgz9y\ndISMeIJOa2saVNvJFUYu56QFJV5HiuIv3UYn1hetTObK5f8VIrSfkXjhWaAXZ9t0\nERkQwdfR5cHviTWtewSDKOzgSAiHG3sbFGpsA4mc+B64UL4rDGxe6TJ7Ur2vqLyP\nEwC1z+x/0ZPHa8EVROlbHSTgw5fILWFwDCHYnuguawtK1CiFKf4/aaFx2bri8DjE\nA626OKSaYPi331E74vJwjWpa5NmWNiukf3F2kWCGI3NdAG9FwrQcphAZtmG/kfGv\nroYLbf9xJE0xmzl27SYMWYpxcNxyuhviXePEHedGzuxBQ6jHgwiPhbVx+BJz+5of\nl8AFAInXcGuoomUb271PMh6WQrzu4sAH5+x5gjSeRWZ+sEPkkQKCAQEA4lpYDRjR\n5h6+NZTaixoukwM4Kc3LJBRoNfqwfFLAa6TagDIOrKgAcEToemV6XIm/1Y7QohJn\nI5Y8swJX7QWoFzPM1d4WfO3Wttm4aXqmpnm9tK1zdhS7yuIARi52JhX5SIWF1cCG\nHCaXCwfGABmMAKPg2KlG01VBSQ5iNTYFzad3teoYYDU3FaYb1CKSxWtSgEDaJh8M\nzFuaOTAvYJOl7UFak4fODkIvpqT2MTzuexM+W3knJM7W6gWucg68IRWdiA3GrMIv\n9ijSCCIRWsSfZEoOeWiQOiUrnc0r8eHLIqorB0gwmsk4pG7LusK+ykJKIdk4/Bq2\n6h6BAmSZrNj56QKCAQEA8h6IkN1ASP4je+3dhnaPYKj46UOCF52xlHMTZBYqGDDD\nLSA5NrSIEIbOWHcBh8Z+ftbg3UA01ZGt/zIGAqIsqd9sTpMYbfVbDSxJULaN9yZJ\nXFODtV6t0Awv/lnr7L6ULEDHZwM/VdPQ/caIyOS5ItLUpFQj+DAy9WYeLsQSVoPl\noYTN3sC42kC+KpqhPuU26x/EjMQ5FVCSA55XifdmlixwMwth2MKQ9E3gZeH6MqOg\nB/BjOBfayoPHqlY65w97MRahPIGLpKBFWj5tlhVkwVIsqCbujH2LK0kP/A/eKTyF\nwzb8wLCdRwAyIi4S0xGgvoGgSzo4OM8Pgfel0f5+CwKCAQB/4Y7Rh24+1qub1gdK\ng3ZAtJbsd0oHjkf6BzHia1Yu+qo/twg3X4sv4p59WAuzcFejLdaNWlxO7LhKYk6O\nqJ14zlkxkxGdbznZgFQBs7unXixhgYUz9y7Jxrlk7SbvCYcXA+jDBMw/50V6g9/H\neqdwTSXhAnHzP71squWtLmJE+BJYAnPXFvmSD5C1XvsQ8jtgHkOhOfWfFzmgiaqa\no5Ag5MVpiFZQE/Cb86Lr2oLZodufDmmhEAK3oJIX+l8rSe0AStguDl/OcO2IjsbD\nQ0bSAE0BJqQlVY64zou/UlPTt9QrfwuGx5xqufX8A76KwrzjNrhNJkKlLqqwUWnJ\nD6TRAoIBABA/eE6walX7qAnzBoC1iB2meT2+KAbJsFcT+eMnkZ+Z9h8bIHvJVbA2\nO7a4FcQ0z9xXMzPl0SXb5t9PThPzKigkNDJ5sJQAeSHDLRBbj99cFGQ7voT3W5aw\nmq/o/OogR/VIS5lgIGn0EvxUzG0e3EW3/Eki1F8dbO4G8lOVGN3xcAGM1fvy1vTe\nj2RwiA2eeDcDJL+Fk4cYpxPTFnDNx3ageM8UHnbbZ7rdVwe/SHkJff3KZf4nq6kX\neti1fLJw2YWLzTowP1zG3KCXu+bsfJx0lUabhjqrWiGHf6kcr33478kP8ZpEv+k5\n3CNrEBxV/IGMVWN2/rrhOlswcVJMT80CggEAGgaIISTxQPANZRZE93nXrCgME5cL\nqjagrrBcbYSaVR6LNGCVvncXiKJkO8znJiZI+fbLmow1uXmqTJfXoYmE4v2AmJ23\nPlzkkjpLZC18Nc12zhwJUqDKVigNfWBJP5sRvWPNBlWJgrQJO6O64bV/Sp3jbvFF\nBnQwWZXUxXZHFwwxjiauLwRkPdHanq346doCDec0YRivG0+Ip2pyXSPwXqPQzRwa\nfRAg8C2Lq7SBbQ7+qnCrI/DKUmoN8dc/HtTCng5afZi1yNIxw2X/hhXH8/tekqFO\noUXqdAWb+aSQ+Tz9rU8kx+jpDyQ2fWwj9iQ09BXSiv+18NUYzcuJGxYMrw==\n-----END RSA PRIVATE KEY-----\n",
            "content_base64": null,
            "content_base64sha256": "C8CwsUUUK6tI7l0NCi+OIw3O8sI/jW8MBY36ys/Aq34=",
            "content_base64sha512": "HDypBBAA9d3Gpou9/3O6RzrBsTgAJxDKGBx+kXOCzx+rSMgKBnhQdXy+GwTJM46PDPOry0WVoK6zYxfxAkUy1A==",
            "content_md5": "36568e873ff3ecf3f7ed61cfabf6f2de",
            "content_sha1": "1d7fe96d43697cc329a4a41ce5afd98c6f56d695",
            "content_sha256": "0bc0b0b145142bab48ee5d0d0a2f8e230dcef2c23f8d6f0c058dfacacfc0ab7e",
            "content_sha512": "1c3ca9041000f5ddc6a68bbdff73ba473ac1b138002710ca181c7e917382cf1fab48c80a067850757cbe1b04c9338e8f0cf3abcb4595a0aeb36317f1024532d4",
            "directory_permission": "0777",
            "file_permission": "0777",
            "filename": "./devops-project-key.pem",
            "id": "1d7fe96d43697cc329a4a41ce5afd98c6f56d695",
            "sensitive_content": null,
            "source": null
          },
          "sensitive_attributes": [
            [
              {
                "type": "get_attr",
                "value": "content"
              }
            ],
            [
              {
                "type": "get_attr",
                "value": "sensitive_content"
              }
            ]
          ],
          "identity_schema_version": 0,
          "dependencies": [
            "tls_private_key.main_key"
          ]
        }
      ]
    },
    {
      "mode": "managed",
      "type": "tls_private_key",
      "name": "main_key",
      "provider": "provider[\"registry.terraform.io/hashicorp/tls\"]",
      "instances": [
        {
          "schema_version": 1,
          "attributes": {
            "algorithm": "RSA",
            "ecdsa_curve": "P224",
            "id": "31621015cd08b76bca3243debeb769096a3cc9ef",
            "private_key_openssh": "-----BEGIN OPENSSH PRIVATE KEY-----\nb3BlbnNzaC1rZXktdjEAAAAABG5vbmUAAAAEbm9uZQAAAAAAAAABAAACFwAAAAdz\nc2gtcnNhAAAAAwEAAQAAAgEA1hRmksg4pdLvNRk01EeJ7CUBJ3nCaouDH78Ii2Oj\n53VCjB2iGEHVyDTXsZ4cBFYkvDXD3kacSkiN3yeecHsMys+0yg/6SZfrrFrbsVDB\nDTNtSBnrHvfUSECTsJsBnfYhsyMRTWGV+whxX5PV507R3KxVydZg9nus8oPX3/IE\nDyjDiO+p3p4mKllrb8kkUdvPgvnSALT6kCsX0WtnIAYM61sgSHkZ6yAq+cxDVsg8\nfYV+1tTo2dam5/2+Y1crYskuCHvEeAJDm8vFiLpmJvBzPyFJsf4KAdbbTYdPEcBo\ngwH8zEiDDIjbUscbizaIWDiACFWZeStk9EH/YsEMRr6kSYltDPRRbeSE/fWcSyXt\nfqLShV4yVHBG6a2561lajp7rt7suIXvqgQhE4vWpaajU8aNsjQrFUt+4nqvfhH7v\n9j+ZdFWJkwtXehRMCIEmZf7pQcu7xIFKmAcJ6TMlYlWmO/6hBwc/4xuUJGGSUUxG\nh1csWwBOSLihOa2KV4KvVPdCbAO7bYg8NdWhwRKhl7AHYpul06aRXff3ehu3RmTe\npYiyB46y0gubj40lBcC2q0h550ykKQ9QAf9Z7twgejFdU3jz4qIZEGNtV4tialKJ\nR1hL5pnpkvwMOjmEoQDahUHbx0Zt+p6DGh+fV/BLgql5vfbtnkE17v+DVZZ7KWaB\nawMAAAc44TM4veEzOL0AAAAHc3NoLXJzYQAAAgEA1hRmksg4pdLvNRk01EeJ7CUB\nJ3nCaouDH78Ii2Oj53VCjB2iGEHVyDTXsZ4cBFYkvDXD3kacSkiN3yeecHsMys+0\nyg/6SZfrrFrbsVDBDTNtSBnrHvfUSECTsJsBnfYhsyMRTWGV+whxX5PV507R3KxV\nydZg9nus8oPX3/IEDyjDiO+p3p4mKllrb8kkUdvPgvnSALT6kCsX0WtnIAYM61sg\nSHkZ6yAq+cxDVsg8fYV+1tTo2dam5/2+Y1crYskuCHvEeAJDm8vFiLpmJvBzPyFJ\nsf4KAdbbTYdPEcBogwH8zEiDDIjbUscbizaIWDiACFWZeStk9EH/YsEMRr6kSYlt\nDPRRbeSE/fWcSyXtfqLShV4yVHBG6a2561lajp7rt7suIXvqgQhE4vWpaajU8aNs\njQrFUt+4nqvfhH7v9j+ZdFWJkwtXehRMCIEmZf7pQcu7xIFKmAcJ6TMlYlWmO/6h\nBwc/4xuUJGGSUUxGh1csWwBOSLihOa2KV4KvVPdCbAO7bYg8NdWhwRKhl7AHYpul\n06aRXff3ehu3RmTepYiyB46y0gubj40lBcC2q0h550ykKQ9QAf9Z7twgejFdU3jz\n4qIZEGNtV4tialKJR1hL5pnpkvwMOjmEoQDahUHbx0Zt+p6DGh+fV/BLgql5vfbt\nnkE17v+DVZZ7KWaBawMAAAADAQABAAACAD5hmXYiI+emLJAjdTJ6WiVWrxxqrY1Q\nc/gXOY0sjsFOeQLNS8OXw4zgYQ3fzbgxxeiWHioyFy7KL5UcPV33bUXX+o161GsH\neuQxYZ0ss+R93NVKwCm4+8HGF4M51+HIrA9AI7WRvxt0XV0Ffio13I9aJHF5J64L\nYd0VMB2Qr0Afl8LaW3yERwjGH7lmOlAkJja7R0dvdSf3dqxOiLFbMf6PAjw8FaJf\nMEa0D9dE5+OHt+swBV4c32vwk77s0rapeuF790clGcBXQ4tRDZ1BKcP2ljvok8/v\nZN4VlKPOlmW+eYSpiI5pfseDP3J0hIx4gk5raxpU28kVRi7npAUlXkeK4i/dRifW\nF61M5srl/xUitJ+ReOFZoBdn23QRGRDB19Hlwe+JNa17BIMo7OBICIcbexsUamwD\niZz4HrhQvisMbF7pMntSva+ovI8TALXP7H/Rk8drwRVE6VsdJODDl8gtYXAMIdie\n6C5rC0rUKIUp/j9poXHZuuLwOMQDrbo4pJpg+LffUTvi8nCNalrk2ZY2K6R/cXaR\nYIYjc10Ab0XCtBymEBm2Yb+R8a+uhgtt/3EkTTGbOXbtJgxZinFw3HK6G+Jd48Qd\n50bO7EFDqMeDCI+FtXH4EnP7mh+XwAUAiddwa6iiZRvbvU8yHpZCvO7iwAfn7HmC\nNJ5FZn6wQ+SRAAABABoGiCEk8UDwDWUWRPd516woDBOXC6o2oK6wXG2EmlUeizRg\nlb53F4iiZDvM5yYmSPn2y5qMNbl5qkyX16GJhOL9gJidtz5c5JI6S2QtfDXNds4c\nCVKgylYoDX1gST+bEb1jzQZViYK0CTujuuG1f0qd427xRQZ0MFmV1MV2RxcMMY4m\nri8EZD3R2p6t+OnaAg3nNGEYrxtPiKdqcl0j8F6j0M0cGn0QIPAti6u0gW0O/qpw\nqyPwylJqDfHXPx7Uwp4OWn2YtcjSMcNl/4YVx/P7XpKhTqFF6nQFm/mkkPk8/a1P\nJMfo6Q8kNn1sI/YkNPQV0or/tfDVGM3LiRsWDK8AAAEBAOJaWA0Y0eYevjWU2osa\nLpMDOCnNyyQUaDX6sHxSwGuk2oAyDqyoAHBE6HplelyJv9WO0KISZyOWPLMCV+0F\nqBczzNXeFnzt1rbZuGl6pqZ5vbStc3YUu8riAEYudiYV+UiFhdXAhhwmlwsHxgAZ\njACj4NipRtNVQUkOYjU2Bc2nd7XqGGA1NxWmG9QiksVrUoBA2iYfDMxbmjkwL2CT\npe1BWpOHzg5CL6ak9jE87nsTPlt5JyTO1uoFrnIOvCEVnYgNxqzCL/Yo0ggiEVrE\nn2RKDnlokDolK53NK/HhyyKqKwdIMJrJOKRuy7rCvspCSiHZOPwatuoegQJkmazY\n+ekAAAEBAPIeiJDdQEj+I3vt3YZ2j2Co+OlDghedsZRzE2QWKhgwwy0gOTa0iBCG\nzlh3AYfGfn7W4N1ANNWRrf8yBgKiLKnfbE6TGG31Ww0sSVC2jfcmSVxTg7VerdAM\nL/5Z6+y+lCxAx2cDP1XT0P3GiMjkuSLS1KRUI/gwMvVmHi7EElaD5aGEzd7AuNpA\nviqaoT7lNusfxIzEORVQkgOeV4n3ZpYscDMLYdjCkPRN4GXh+jKjoAfwYzgX2sqD\nx6pWOucPezEWoTyBi6SgRVo+bZYVZMFSLKgm7ox9iytJD/wP3ik8hcM2/MCwnUcA\nMiIuEtMRoL6BoEs6ODjPD4H3pdH+fgsAAAAAAQID\n-----END OPENSSH PRIVATE KEY-----\n",
            "private_key_pem": "-----BEGIN RSA PRIVATE KEY-----\nMIIJJwIBAAKCAgEA1hRmksg4pdLvNRk01EeJ7CUBJ3nCaouDH78Ii2Oj53VCjB2i\nGEHVyDTXsZ4cBFYkvDXD3kacSkiN3yeecHsMys+0yg/6SZfrrFrbsVDBDTNtSBnr\nHvfUSECTsJsBnfYhsyMRTWGV+whxX5PV507R3KxVydZg9nus8oPX3/IEDyjDiO+p\n3p4mKllrb8kkUdvPgvnSALT6kCsX0WtnIAYM61sgSHkZ6yAq+cxDVsg8fYV+1tTo\n2dam5/2+Y1crYskuCHvEeAJDm8vFiLpmJvBzPyFJsf4KAdbbTYdPEcBogwH8zEiD\nDIjbUscbizaIWDiACFWZeStk9EH/YsEMRr6kSYltDPRRbeSE/fWcSyXtfqLShV4y\nVHBG6a2561lajp7rt7suIXvqgQhE4vWpaajU8aNsjQrFUt+4nqvfhH7v9j+ZdFWJ\nkwtXehRMCIEmZf7pQcu7xIFKmAcJ6TMlYlWmO/6hBwc/4xuUJGGSUUxGh1csWwBO\nSLihOa2KV4KvVPdCbAO7bYg8NdWhwRKhl7AHYpul06aRXff3ehu3RmTepYiyB46y\n0gubj40lBcC2q0h550ykKQ9QAf9Z7twgejFdU3jz4qIZEGNtV4tialKJR1hL5pnp\nkvwMOjmEoQDahUHbx0Zt+p6DGh+fV/BLgql5vfbtnkE17v+DVZZ7KWaBawMCAwEA\nAQKCAgA+YZl2IiPnpiyQI3UyelolVq8caq2NUHP4FzmNLI7BTnkCzUvDl8OM4GEN\n3824McXolh4qMhcuyi+VHD1d921F1/qNetRrB3rkMWGdLLPkfdzVSsApuPvBxheD\nOdfhyKwPQCO1kb8bdF1dBX4qNdyPWiRxeSeuC2HdFTAdkK9AH5fC2lt8hEcIxh+5\nZjpQJCY2u0dHb3Un93asToixWzH+jwI8PBWiXzBGtA/XROfjh7frMAVeHN9r8JO+\n7NK2qXrhe/dHJRnAV0OLUQ2dQSnD9pY76JPP72TeFZSjzpZlvnmEqYiOaX7Hgz9y\ndISMeIJOa2saVNvJFUYu56QFJV5HiuIv3UYn1hetTObK5f8VIrSfkXjhWaAXZ9t0\nERkQwdfR5cHviTWtewSDKOzgSAiHG3sbFGpsA4mc+B64UL4rDGxe6TJ7Ur2vqLyP\nEwC1z+x/0ZPHa8EVROlbHSTgw5fILWFwDCHYnuguawtK1CiFKf4/aaFx2bri8DjE\nA626OKSaYPi331E74vJwjWpa5NmWNiukf3F2kWCGI3NdAG9FwrQcphAZtmG/kfGv\nroYLbf9xJE0xmzl27SYMWYpxcNxyuhviXePEHedGzuxBQ6jHgwiPhbVx+BJz+5of\nl8AFAInXcGuoomUb271PMh6WQrzu4sAH5+x5gjSeRWZ+sEPkkQKCAQEA4lpYDRjR\n5h6+NZTaixoukwM4Kc3LJBRoNfqwfFLAa6TagDIOrKgAcEToemV6XIm/1Y7QohJn\nI5Y8swJX7QWoFzPM1d4WfO3Wttm4aXqmpnm9tK1zdhS7yuIARi52JhX5SIWF1cCG\nHCaXCwfGABmMAKPg2KlG01VBSQ5iNTYFzad3teoYYDU3FaYb1CKSxWtSgEDaJh8M\nzFuaOTAvYJOl7UFak4fODkIvpqT2MTzuexM+W3knJM7W6gWucg68IRWdiA3GrMIv\n9ijSCCIRWsSfZEoOeWiQOiUrnc0r8eHLIqorB0gwmsk4pG7LusK+ykJKIdk4/Bq2\n6h6BAmSZrNj56QKCAQEA8h6IkN1ASP4je+3dhnaPYKj46UOCF52xlHMTZBYqGDDD\nLSA5NrSIEIbOWHcBh8Z+ftbg3UA01ZGt/zIGAqIsqd9sTpMYbfVbDSxJULaN9yZJ\nXFODtV6t0Awv/lnr7L6ULEDHZwM/VdPQ/caIyOS5ItLUpFQj+DAy9WYeLsQSVoPl\noYTN3sC42kC+KpqhPuU26x/EjMQ5FVCSA55XifdmlixwMwth2MKQ9E3gZeH6MqOg\nB/BjOBfayoPHqlY65w97MRahPIGLpKBFWj5tlhVkwVIsqCbujH2LK0kP/A/eKTyF\nwzb8wLCdRwAyIi4S0xGgvoGgSzo4OM8Pgfel0f5+CwKCAQB/4Y7Rh24+1qub1gdK\ng3ZAtJbsd0oHjkf6BzHia1Yu+qo/twg3X4sv4p59WAuzcFejLdaNWlxO7LhKYk6O\nqJ14zlkxkxGdbznZgFQBs7unXixhgYUz9y7Jxrlk7SbvCYcXA+jDBMw/50V6g9/H\neqdwTSXhAnHzP71squWtLmJE+BJYAnPXFvmSD5C1XvsQ8jtgHkOhOfWfFzmgiaqa\no5Ag5MVpiFZQE/Cb86Lr2oLZodufDmmhEAK3oJIX+l8rSe0AStguDl/OcO2IjsbD\nQ0bSAE0BJqQlVY64zou/UlPTt9QrfwuGx5xqufX8A76KwrzjNrhNJkKlLqqwUWnJ\nD6TRAoIBABA/eE6walX7qAnzBoC1iB2meT2+KAbJsFcT+eMnkZ+Z9h8bIHvJVbA2\nO7a4FcQ0z9xXMzPl0SXb5t9PThPzKigkNDJ5sJQAeSHDLRBbj99cFGQ7voT3W5aw\nmq/o/OogR/VIS5lgIGn0EvxUzG0e3EW3/Eki1F8dbO4G8lOVGN3xcAGM1fvy1vTe\nj2RwiA2eeDcDJL+Fk4cYpxPTFnDNx3ageM8UHnbbZ7rdVwe/SHkJff3KZf4nq6kX\neti1fLJw2YWLzTowP1zG3KCXu+bsfJx0lUabhjqrWiGHf6kcr33478kP8ZpEv+k5\n3CNrEBxV/IGMVWN2/rrhOlswcVJMT80CggEAGgaIISTxQPANZRZE93nXrCgME5cL\nqjagrrBcbYSaVR6LNGCVvncXiKJkO8znJiZI+fbLmow1uXmqTJfXoYmE4v2AmJ23\nPlzkkjpLZC18Nc12zhwJUqDKVigNfWBJP5sRvWPNBlWJgrQJO6O64bV/Sp3jbvFF\nBnQwWZXUxXZHFwwxjiauLwRkPdHanq346doCDec0YRivG0+Ip2pyXSPwXqPQzRwa\nfRAg8C2Lq7SBbQ7+qnCrI/DKUmoN8dc/HtTCng5afZi1yNIxw2X/hhXH8/tekqFO\noUXqdAWb+aSQ+Tz9rU8kx+jpDyQ2fWwj9iQ09BXSiv+18NUYzcuJGxYMrw==\n-----END RSA PRIVATE KEY-----\n",
            "private_key_pem_pkcs8": "-----BEGIN PRIVATE KEY-----\nMIIJQQIBADANBgkqhkiG9w0BAQEFAASCCSswggknAgEAAoICAQDWFGaSyDil0u81\nGTTUR4nsJQEnecJqi4MfvwiLY6PndUKMHaIYQdXINNexnhwEViS8NcPeRpxKSI3f\nJ55wewzKz7TKD/pJl+usWtuxUMENM21IGese99RIQJOwmwGd9iGzIxFNYZX7CHFf\nk9XnTtHcrFXJ1mD2e6zyg9ff8gQPKMOI76neniYqWWtvySRR28+C+dIAtPqQKxfR\na2cgBgzrWyBIeRnrICr5zENWyDx9hX7W1OjZ1qbn/b5jVytiyS4Ie8R4AkOby8WI\numYm8HM/IUmx/goB1ttNh08RwGiDAfzMSIMMiNtSxxuLNohYOIAIVZl5K2T0Qf9i\nwQxGvqRJiW0M9FFt5IT99ZxLJe1+otKFXjJUcEbprbnrWVqOnuu3uy4he+qBCETi\n9alpqNTxo2yNCsVS37ieq9+Efu/2P5l0VYmTC1d6FEwIgSZl/ulBy7vEgUqYBwnp\nMyViVaY7/qEHBz/jG5QkYZJRTEaHVyxbAE5IuKE5rYpXgq9U90JsA7ttiDw11aHB\nEqGXsAdim6XTppFd9/d6G7dGZN6liLIHjrLSC5uPjSUFwLarSHnnTKQpD1AB/1nu\n3CB6MV1TePPiohkQY21Xi2JqUolHWEvmmemS/Aw6OYShANqFQdvHRm36noMaH59X\n8EuCqXm99u2eQTXu/4NVlnspZoFrAwIDAQABAoICAD5hmXYiI+emLJAjdTJ6WiVW\nrxxqrY1Qc/gXOY0sjsFOeQLNS8OXw4zgYQ3fzbgxxeiWHioyFy7KL5UcPV33bUXX\n+o161GsHeuQxYZ0ss+R93NVKwCm4+8HGF4M51+HIrA9AI7WRvxt0XV0Ffio13I9a\nJHF5J64LYd0VMB2Qr0Afl8LaW3yERwjGH7lmOlAkJja7R0dvdSf3dqxOiLFbMf6P\nAjw8FaJfMEa0D9dE5+OHt+swBV4c32vwk77s0rapeuF790clGcBXQ4tRDZ1BKcP2\nljvok8/vZN4VlKPOlmW+eYSpiI5pfseDP3J0hIx4gk5raxpU28kVRi7npAUlXkeK\n4i/dRifWF61M5srl/xUitJ+ReOFZoBdn23QRGRDB19Hlwe+JNa17BIMo7OBICIcb\nexsUamwDiZz4HrhQvisMbF7pMntSva+ovI8TALXP7H/Rk8drwRVE6VsdJODDl8gt\nYXAMIdie6C5rC0rUKIUp/j9poXHZuuLwOMQDrbo4pJpg+LffUTvi8nCNalrk2ZY2\nK6R/cXaRYIYjc10Ab0XCtBymEBm2Yb+R8a+uhgtt/3EkTTGbOXbtJgxZinFw3HK6\nG+Jd48Qd50bO7EFDqMeDCI+FtXH4EnP7mh+XwAUAiddwa6iiZRvbvU8yHpZCvO7i\nwAfn7HmCNJ5FZn6wQ+SRAoIBAQDiWlgNGNHmHr41lNqLGi6TAzgpzcskFGg1+rB8\nUsBrpNqAMg6sqABwROh6ZXpcib/VjtCiEmcjljyzAlftBagXM8zV3hZ87da22bhp\neqameb20rXN2FLvK4gBGLnYmFflIhYXVwIYcJpcLB8YAGYwAo+DYqUbTVUFJDmI1\nNgXNp3e16hhgNTcVphvUIpLFa1KAQNomHwzMW5o5MC9gk6XtQVqTh84OQi+mpPYx\nPO57Ez5beSckztbqBa5yDrwhFZ2IDcaswi/2KNIIIhFaxJ9kSg55aJA6JSudzSvx\n4csiqisHSDCayTikbsu6wr7KQkoh2Tj8GrbqHoECZJms2PnpAoIBAQDyHoiQ3UBI\n/iN77d2Gdo9gqPjpQ4IXnbGUcxNkFioYMMMtIDk2tIgQhs5YdwGHxn5+1uDdQDTV\nka3/MgYCoiyp32xOkxht9VsNLElQto33JklcU4O1Xq3QDC/+WevsvpQsQMdnAz9V\n09D9xojI5Lki0tSkVCP4MDL1Zh4uxBJWg+WhhM3ewLjaQL4qmqE+5TbrH8SMxDkV\nUJIDnleJ92aWLHAzC2HYwpD0TeBl4foyo6AH8GM4F9rKg8eqVjrnD3sxFqE8gYuk\noEVaPm2WFWTBUiyoJu6MfYsrSQ/8D94pPIXDNvzAsJ1HADIiLhLTEaC+gaBLOjg4\nzw+B96XR/n4LAoIBAH/hjtGHbj7Wq5vWB0qDdkC0lux3SgeOR/oHMeJrVi76qj+3\nCDdfiy/inn1YC7NwV6Mt1o1aXE7suEpiTo6onXjOWTGTEZ1vOdmAVAGzu6deLGGB\nhTP3LsnGuWTtJu8JhxcD6MMEzD/nRXqD38d6p3BNJeECcfM/vWyq5a0uYkT4ElgC\nc9cW+ZIPkLVe+xDyO2AeQ6E59Z8XOaCJqpqjkCDkxWmIVlAT8Jvzouvagtmh258O\naaEQAregkhf6XytJ7QBK2C4OX85w7YiOxsNDRtIATQEmpCVVjrjOi79SU9O31Ct/\nC4bHnGq59fwDvorCvOM2uE0mQqUuqrBRackPpNECggEAED94TrBqVfuoCfMGgLWI\nHaZ5Pb4oBsmwVxP54yeRn5n2Hxsge8lVsDY7trgVxDTP3FczM+XRJdvm309OE/Mq\nKCQ0MnmwlAB5IcMtEFuP31wUZDu+hPdblrCar+j86iBH9UhLmWAgafQS/FTMbR7c\nRbf8SSLUXx1s7gbyU5UY3fFwAYzV+/LW9N6PZHCIDZ54NwMkv4WThxinE9MWcM3H\ndqB4zxQedttnut1XB79IeQl9/cpl/ierqRd62LV8snDZhYvNOjA/XMbcoJe75ux8\nnHSVRpuGOqtaIYd/qRyvffjvyQ/xmkS/6TncI2sQHFX8gYxVY3b+uuE6WzBxUkxP\nzQKCAQAaBoghJPFA8A1lFkT3edesKAwTlwuqNqCusFxthJpVHos0YJW+dxeIomQ7\nzOcmJkj59suajDW5eapMl9ehiYTi/YCYnbc+XOSSOktkLXw1zXbOHAlSoMpWKA19\nYEk/mxG9Y80GVYmCtAk7o7rhtX9KneNu8UUGdDBZldTFdkcXDDGOJq4vBGQ90dqe\nrfjp2gIN5zRhGK8bT4inanJdI/Beo9DNHBp9ECDwLYurtIFtDv6qcKsj8MpSag3x\n1z8e1MKeDlp9mLXI0jHDZf+GFcfz+16SoU6hRep0BZv5pJD5PP2tTyTH6OkPJDZ9\nbCP2JDT0FdKK/7Xw1RjNy4kbFgyv\n-----END PRIVATE KEY-----\n",
            "public_key_fingerprint_md5": "8f:30:c0:18:e6:8d:c1:b1:6f:e8:55:fa:b8:21:ef:bd",
            "public_key_fingerprint_sha256": "SHA256:8lLjX+qjv7ZJUru51AASCwdq0RB5PbAQCSYVZBIXdpU",
            "public_key_openssh": "ssh-rsa AAAAB3NzaC1yc2EAAAADAQABAAACAQDWFGaSyDil0u81GTTUR4nsJQEnecJqi4MfvwiLY6PndUKMHaIYQdXINNexnhwEViS8NcPeRpxKSI3fJ55wewzKz7TKD/pJl+usWtuxUMENM21IGese99RIQJOwmwGd9iGzIxFNYZX7CHFfk9XnTtHcrFXJ1mD2e6zyg9ff8gQPKMOI76neniYqWWtvySRR28+C+dIAtPqQKxfRa2cgBgzrWyBIeRnrICr5zENWyDx9hX7W1OjZ1qbn/b5jVytiyS4Ie8R4AkOby8WIumYm8HM/IUmx/goB1ttNh08RwGiDAfzMSIMMiNtSxxuLNohYOIAIVZl5K2T0Qf9iwQxGvqRJiW0M9FFt5IT99ZxLJe1+otKFXjJUcEbprbnrWVqOnuu3uy4he+qBCETi9alpqNTxo2yNCsVS37ieq9+Efu/2P5l0VYmTC1d6FEwIgSZl/ulBy7vEgUqYBwnpMyViVaY7/qEHBz/jG5QkYZJRTEaHVyxbAE5IuKE5rYpXgq9U90JsA7ttiDw11aHBEqGXsAdim6XTppFd9/d6G7dGZN6liLIHjrLSC5uPjSUFwLarSHnnTKQpD1AB/1nu3CB6MV1TePPiohkQY21Xi2JqUolHWEvmmemS/Aw6OYShANqFQdvHRm36noMaH59X8EuCqXm99u2eQTXu/4NVlnspZoFrAw==\n",
            "public_key_pem": "-----BEGIN PUBLIC KEY-----\nMIICIjANBgkqhkiG9w0BAQEFAAOCAg8AMIICCgKCAgEA1hRmksg4pdLvNRk01EeJ\n7CUBJ3nCaouDH78Ii2Oj53VCjB2iGEHVyDTXsZ4cBFYkvDXD3kacSkiN3yeecHsM\nys+0yg/6SZfrrFrbsVDBDTNtSBnrHvfUSECTsJsBnfYhsyMRTWGV+whxX5PV507R\n3KxVydZg9nus8oPX3/IEDyjDiO+p3p4mKllrb8kkUdvPgvnSALT6kCsX0WtnIAYM\n61sgSHkZ6yAq+cxDVsg8fYV+1tTo2dam5/2+Y1crYskuCHvEeAJDm8vFiLpmJvBz\nPyFJsf4KAdbbTYdPEcBogwH8zEiDDIjbUscbizaIWDiACFWZeStk9EH/YsEMRr6k\nSYltDPRRbeSE/fWcSyXtfqLShV4yVHBG6a2561lajp7rt7suIXvqgQhE4vWpaajU\n8aNsjQrFUt+4nqvfhH7v9j+ZdFWJkwtXehRMCIEmZf7pQcu7xIFKmAcJ6TMlYlWm\nO/6hBwc/4xuUJGGSUUxGh1csWwBOSLihOa2KV4KvVPdCbAO7bYg8NdWhwRKhl7AH\nYpul06aRXff3ehu3RmTepYiyB46y0gubj40lBcC2q0h550ykKQ9QAf9Z7twgejFd\nU3jz4qIZEGNtV4tialKJR1hL5pnpkvwMOjmEoQDahUHbx0Zt+p6DGh+fV/BLgql5\nvfbtnkE17v+DVZZ7KWaBawMCAwEAAQ==\n-----END PUBLIC KEY-----\n",
            "rsa_bits": 4096
          },
          "sensitive_attributes": [
            [
              {
                "type": "get_attr",
                "value": "private_key_openssh"
              }
            ],
            [
              {
                "type": "get_attr",
                "value": "private_key_pem"
              }
            ],
            [
              {
                "type": "get_attr",
                "value": "private_key_pem_pkcs8"
              }
            ]
          ],
          "identity_schema_version": 0
        }
      ]
    }
  ],
  "check_results": null
}
