{
  "version": 4,
  "terraform_version": "1.14.7",
  "serial": 160,
  "lineage": "f2a9e8ed-3e57-9502-6b36-03dccd107881",
  "outputs": {},
  "resources": [
    {
      "mode": "managed",
      "type": "aws_eip",
      "name": "nat_eip",
      "provider": "provider[\"registry.terraform.io/hashicorp/aws\"]",
      "instances": [
        {
          "schema_version": 0,
          "attributes": {
            "address": null,
            "allocation_id": "eipalloc-0988ad925f156c7f3",
            "arn": "arn:aws:ec2:us-east-1:533220667167:elastic-ip/eipalloc-0988ad925f156c7f3",
            "associate_with_private_ip": null,
            "association_id": "",
            "carrier_ip": "",
            "customer_owned_ip": "",
            "customer_owned_ipv4_pool": "",
            "domain": "vpc",
            "id": "eipalloc-0988ad925f156c7f3",
            "instance": "",
            "ipam_pool_id": null,
            "network_border_group": "us-east-1",
            "network_interface": "",
            "private_dns": null,
            "private_ip": "",
            "ptr_record": "",
            "public_dns": "ec2-54-89-228-189.compute-1.amazonaws.com",
            "public_ip": "54.89.228.189",
            "public_ipv4_pool": "amazon",
            "region": "us-east-1",
            "tags": null,
            "tags_all": {},
            "timeouts": null
          },
          "sensitive_attributes": [],
          "identity_schema_version": 0,
          "private": "eyJlMmJmYjczMC1lY2FhLTExZTYtOGY4OC0zNDM2M2JjN2M0YzAiOnsiZGVsZXRlIjoxODAwMDAwMDAwMDAsInJlYWQiOjkwMDAwMDAwMDAwMCwidXBkYXRlIjozMDAwMDAwMDAwMDB9fQ=="
        }
      ]
    },
    {
      "mode": "managed",
      "type": "aws_instance",
      "name": "bastion",
      "provider": "provider[\"registry.terraform.io/hashicorp/aws\"]",
      "instances": [
        {
          "schema_version": 2,
          "attributes": {
            "ami": "ami-0c7217cdde317cfec",
            "arn": "arn:aws:ec2:us-east-1:533220667167:instance/i-0a00fa7080e687330",
            "associate_public_ip_address": true,
            "availability_zone": "us-east-1b",
            "capacity_reservation_specification": [
              {
                "capacity_reservation_preference": "open",
                "capacity_reservation_target": []
              }
            ],
            "cpu_options": [
              {
                "amd_sev_snp": "",
                "core_count": 1,
                "nested_virtualization": "",
                "threads_per_core": 2
              }
            ],
            "credit_specification": [],
            "disable_api_stop": false,
            "disable_api_termination": false,
            "ebs_block_device": [],
            "ebs_optimized": false,
            "enable_primary_ipv6": null,
            "enclave_options": [
              {
                "enabled": false
              }
            ],
            "ephemeral_block_device": [],
            "force_destroy": false,
            "get_password_data": false,
            "hibernation": false,
            "host_id": "",
            "host_resource_group_arn": null,
            "iam_instance_profile": "",
            "id": "i-0a00fa7080e687330",
            "instance_initiated_shutdown_behavior": "stop",
            "instance_lifecycle": "",
            "instance_market_options": [],
            "instance_state": "running",
            "instance_type": "c7i-flex.large",
            "ipv6_address_count": 0,
            "ipv6_addresses": [],
            "key_name": "devops-project-key",
            "launch_template": [],
            "maintenance_options": [
              {
                "auto_recovery": "default"
              }
            ],
            "metadata_options": [
              {
                "http_endpoint": "enabled",
                "http_protocol_ipv6": "disabled",
                "http_put_response_hop_limit": 1,
                "http_tokens": "optional",
                "instance_metadata_tags": "disabled"
              }
            ],
            "monitoring": false,
            "network_interface": [],
            "outpost_arn": "",
            "password_data": "",
            "placement_group": "",
            "placement_group_id": "",
            "placement_partition_number": 0,
            "primary_network_interface": [
              {
                "delete_on_termination": true,
                "network_interface_id": "eni-0b6989d49c364a93e"
              }
            ],
            "primary_network_interface_id": "eni-0b6989d49c364a93e",
            "private_dns": "ip-10-0-1-104.ec2.internal",
            "private_dns_name_options": [
              {
                "enable_resource_name_dns_a_record": false,
                "enable_resource_name_dns_aaaa_record": false,
                "hostname_type": "ip-name"
              }
            ],
            "private_ip": "10.0.1.104",
            "public_dns": "",
            "public_ip": "3.82.225.103",
            "region": "us-east-1",
            "root_block_device": [
              {
                "delete_on_termination": true,
                "device_name": "/dev/sda1",
                "encrypted": false,
                "iops": 100,
                "kms_key_id": "",
                "tags": {},
                "tags_all": {},
                "throughput": 0,
                "volume_id": "vol-075e1a2c38375d12e",
                "volume_size": 8,
                "volume_type": "gp2"
              }
            ],
            "secondary_network_interface": [],
            "secondary_private_ips": [],
            "security_groups": [],
            "source_dest_check": true,
            "spot_instance_request_id": "",
            "subnet_id": "subnet-042aaadfb81a4847b",
            "tags": {
              "Name": "Bastion-Host"
            },
            "tags_all": {
              "Name": "Bastion-Host"
            },
            "tenancy": "default",
            "timeouts": null,
            "user_data": null,
            "user_data_base64": null,
            "user_data_replace_on_change": false,
            "volume_tags": null,
            "vpc_security_group_ids": [
              "sg-0c49573bd533a937f"
            ]
          },
          "sensitive_attributes": [],
          "identity_schema_version": 0,
          "identity": {
            "account_id": "533220667167",
            "id": "i-0a00fa7080e687330",
            "region": "us-east-1"
          },
          "private": "eyJlMmJmYjczMC1lY2FhLTExZTYtOGY4OC0zNDM2M2JjN2M0YzAiOnsiY3JlYXRlIjo2MDAwMDAwMDAwMDAsImRlbGV0ZSI6MTIwMDAwMDAwMDAwMCwicmVhZCI6OTAwMDAwMDAwMDAwLCJ1cGRhdGUiOjYwMDAwMDAwMDAwMH0sInNjaGVtYV92ZXJzaW9uIjoiMiJ9",
          "dependencies": [
            "aws_key_pair.deployer_key",
            "aws_security_group.bastion_sg",
            "aws_subnet.public_subnet_1",
            "aws_vpc.main_vpc",
            "tls_private_key.main_key"
          ]
        }
      ]
    },
    {
      "mode": "managed",
      "type": "aws_instance",
      "name": "jenkins",
      "provider": "provider[\"registry.terraform.io/hashicorp/aws\"]",
      "instances": [
        {
          "schema_version": 2,
          "attributes": {
            "ami": "ami-0c7217cdde317cfec",
            "arn": "arn:aws:ec2:us-east-1:533220667167:instance/i-03eafa5d72ff2801e",
            "associate_public_ip_address": false,
            "availability_zone": "us-east-1b",
            "capacity_reservation_specification": [
              {
                "capacity_reservation_preference": "open",
                "capacity_reservation_target": []
              }
            ],
            "cpu_options": [
              {
                "amd_sev_snp": "",
                "core_count": 1,
                "nested_virtualization": "",
                "threads_per_core": 2
              }
            ],
            "credit_specification": [],
            "disable_api_stop": false,
            "disable_api_termination": false,
            "ebs_block_device": [],
            "ebs_optimized": false,
            "enable_primary_ipv6": null,
            "enclave_options": [
              {
                "enabled": false
              }
            ],
            "ephemeral_block_device": [],
            "force_destroy": false,
            "get_password_data": false,
            "hibernation": false,
            "host_id": "",
            "host_resource_group_arn": null,
            "iam_instance_profile": "",
            "id": "i-03eafa5d72ff2801e",
            "instance_initiated_shutdown_behavior": "stop",
            "instance_lifecycle": "",
            "instance_market_options": [],
            "instance_state": "running",
            "instance_type": "c7i-flex.large",
            "ipv6_address_count": 0,
            "ipv6_addresses": [],
            "key_name": "devops-project-key",
            "launch_template": [],
            "maintenance_options": [
              {
                "auto_recovery": "default"
              }
            ],
            "metadata_options": [
              {
                "http_endpoint": "enabled",
                "http_protocol_ipv6": "disabled",
                "http_put_response_hop_limit": 1,
                "http_tokens": "optional",
                "instance_metadata_tags": "disabled"
              }
            ],
            "monitoring": false,
            "network_interface": [],
            "outpost_arn": "",
            "password_data": "",
            "placement_group": "",
            "placement_group_id": "",
            "placement_partition_number": 0,
            "primary_network_interface": [
              {
                "delete_on_termination": true,
                "network_interface_id": "eni-0e69a69544e11529f"
              }
            ],
            "primary_network_interface_id": "eni-0e69a69544e11529f",
            "private_dns": "ip-10-0-3-210.ec2.internal",
            "private_dns_name_options": [
              {
                "enable_resource_name_dns_a_record": false,
                "enable_resource_name_dns_aaaa_record": false,
                "hostname_type": "ip-name"
              }
            ],
            "private_ip": "10.0.3.210",
            "public_dns": "",
            "public_ip": "",
            "region": "us-east-1",
            "root_block_device": [
              {
                "delete_on_termination": true,
                "device_name": "/dev/sda1",
                "encrypted": false,
                "iops": 100,
                "kms_key_id": "",
                "tags": {},
                "tags_all": {},
                "throughput": 0,
                "volume_id": "vol-062c8a6afd557bc31",
                "volume_size": 8,
                "volume_type": "gp2"
              }
            ],
            "secondary_network_interface": [],
            "secondary_private_ips": [],
            "security_groups": [],
            "source_dest_check": true,
            "spot_instance_request_id": "",
            "subnet_id": "subnet-0180c0710b76059ac",
            "tags": {
              "Name": "Jenkins-Server"
            },
            "tags_all": {
              "Name": "Jenkins-Server"
            },
            "tenancy": "default",
            "timeouts": null,
            "user_data": null,
            "user_data_base64": null,
            "user_data_replace_on_change": false,
            "volume_tags": null,
            "vpc_security_group_ids": [
              "sg-079eaa75eb656f4ab"
            ]
          },
          "sensitive_attributes": [],
          "identity_schema_version": 0,
          "identity": {
            "account_id": "533220667167",
            "id": "i-03eafa5d72ff2801e",
            "region": "us-east-1"
          },
          "private": "eyJlMmJmYjczMC1lY2FhLTExZTYtOGY4OC0zNDM2M2JjN2M0YzAiOnsiY3JlYXRlIjo2MDAwMDAwMDAwMDAsImRlbGV0ZSI6MTIwMDAwMDAwMDAwMCwicmVhZCI6OTAwMDAwMDAwMDAwLCJ1cGRhdGUiOjYwMDAwMDAwMDAwMH0sInNjaGVtYV92ZXJzaW9uIjoiMiJ9",
          "dependencies": [
            "aws_key_pair.deployer_key",
            "aws_security_group.bastion_sg",
            "aws_security_group.jenkins_sg",
            "aws_subnet.private_subnet_1",
            "aws_vpc.main_vpc",
            "tls_private_key.main_key"
          ]
        }
      ]
    },
    {
      "mode": "managed",
      "type": "aws_instance",
      "name": "sonarqube",
      "provider": "provider[\"registry.terraform.io/hashicorp/aws\"]",
      "instances": [
        {
          "schema_version": 2,
          "attributes": {
            "ami": "ami-0c7217cdde317cfec",
            "arn": "arn:aws:ec2:us-east-1:533220667167:instance/i-057e5772ed726adb4",
            "associate_public_ip_address": false,
            "availability_zone": "us-east-1b",
            "capacity_reservation_specification": [
              {
                "capacity_reservation_preference": "open",
                "capacity_reservation_target": []
              }
            ],
            "cpu_options": [
              {
                "amd_sev_snp": "",
                "core_count": 1,
                "nested_virtualization": "",
                "threads_per_core": 2
              }
            ],
            "credit_specification": [],
            "disable_api_stop": false,
            "disable_api_termination": false,
            "ebs_block_device": [],
            "ebs_optimized": false,
            "enable_primary_ipv6": null,
            "enclave_options": [
              {
                "enabled": false
              }
            ],
            "ephemeral_block_device": [],
            "force_destroy": false,
            "get_password_data": false,
            "hibernation": false,
            "host_id": "",
            "host_resource_group_arn": null,
            "iam_instance_profile": "",
            "id": "i-057e5772ed726adb4",
            "instance_initiated_shutdown_behavior": "stop",
            "instance_lifecycle": "",
            "instance_market_options": [],
            "instance_state": "running",
            "instance_type": "c7i-flex.large",
            "ipv6_address_count": 0,
            "ipv6_addresses": [],
            "key_name": "devops-project-key",
            "launch_template": [],
            "maintenance_options": [
              {
                "auto_recovery": "default"
              }
            ],
            "metadata_options": [
              {
                "http_endpoint": "enabled",
                "http_protocol_ipv6": "disabled",
                "http_put_response_hop_limit": 1,
                "http_tokens": "optional",
                "instance_metadata_tags": "disabled"
              }
            ],
            "monitoring": false,
            "network_interface": [],
            "outpost_arn": "",
            "password_data": "",
            "placement_group": "",
            "placement_group_id": "",
            "placement_partition_number": 0,
            "primary_network_interface": [
              {
                "delete_on_termination": true,
                "network_interface_id": "eni-0237b26205004498d"
              }
            ],
            "primary_network_interface_id": "eni-0237b26205004498d",
            "private_dns": "ip-10-0-4-197.ec2.internal",
            "private_dns_name_options": [
              {
                "enable_resource_name_dns_a_record": false,
                "enable_resource_name_dns_aaaa_record": false,
                "hostname_type": "ip-name"
              }
            ],
            "private_ip": "10.0.4.197",
            "public_dns": "",
            "public_ip": "",
            "region": "us-east-1",
            "root_block_device": [
              {
                "delete_on_termination": true,
                "device_name": "/dev/sda1",
                "encrypted": false,
                "iops": 100,
                "kms_key_id": "",
                "tags": {},
                "tags_all": {},
                "throughput": 0,
                "volume_id": "vol-0040391d651716021",
                "volume_size": 8,
                "volume_type": "gp2"
              }
            ],
            "secondary_network_interface": [],
            "secondary_private_ips": [],
            "security_groups": [],
            "source_dest_check": true,
            "spot_instance_request_id": "",
            "subnet_id": "subnet-0c26eee1bb641a479",
            "tags": {
              "Name": "SonarQube-Server"
            },
            "tags_all": {
              "Name": "SonarQube-Server"
            },
            "tenancy": "default",
            "timeouts": null,
            "user_data": null,
            "user_data_base64": null,
            "user_data_replace_on_change": false,
            "volume_tags": null,
            "vpc_security_group_ids": [
              "sg-08ba29b2e42a4cc3d"
            ]
          },
          "sensitive_attributes": [],
          "identity_schema_version": 0,
          "identity": {
            "account_id": "533220667167",
            "id": "i-057e5772ed726adb4",
            "region": "us-east-1"
          },
          "private": "eyJlMmJmYjczMC1lY2FhLTExZTYtOGY4OC0zNDM2M2JjN2M0YzAiOnsiY3JlYXRlIjo2MDAwMDAwMDAwMDAsImRlbGV0ZSI6MTIwMDAwMDAwMDAwMCwicmVhZCI6OTAwMDAwMDAwMDAwLCJ1cGRhdGUiOjYwMDAwMDAwMDAwMH0sInNjaGVtYV92ZXJzaW9uIjoiMiJ9",
          "dependencies": [
            "aws_key_pair.deployer_key",
            "aws_security_group.bastion_sg",
            "aws_security_group.jenkins_sg",
            "aws_security_group.sonarqube_sg",
            "aws_subnet.private_subnet_2",
            "aws_vpc.main_vpc",
            "tls_private_key.main_key"
          ]
        }
      ]
    },
    {
      "mode": "managed",
      "type": "aws_internet_gateway",
      "name": "igw",
      "provider": "provider[\"registry.terraform.io/hashicorp/aws\"]",
      "instances": [
        {
          "schema_version": 0,
          "attributes": {
            "arn": "arn:aws:ec2:us-east-1:533220667167:internet-gateway/igw-0d4253636fd61ecd2",
            "id": "igw-0d4253636fd61ecd2",
            "owner_id": "533220667167",
            "region": "us-east-1",
            "tags": {
              "Name": "DevOps-Project-IGW"
            },
            "tags_all": {
              "Name": "DevOps-Project-IGW"
            },
            "timeouts": null,
            "vpc_id": "vpc-0ba507041a09a4f48"
          },
          "sensitive_attributes": [],
          "identity_schema_version": 0,
          "private": "eyJlMmJmYjczMC1lY2FhLTExZTYtOGY4OC0zNDM2M2JjN2M0YzAiOnsiY3JlYXRlIjoxMjAwMDAwMDAwMDAwLCJkZWxldGUiOjEyMDAwMDAwMDAwMDAsInVwZGF0ZSI6MTIwMDAwMDAwMDAwMH19",
          "dependencies": [
            "aws_vpc.main_vpc"
          ]
        }
      ]
    },
    {
      "mode": "managed",
      "type": "aws_key_pair",
      "name": "deployer_key",
      "provider": "provider[\"registry.terraform.io/hashicorp/aws\"]",
      "instances": [
        {
          "schema_version": 1,
          "attributes": {
            "arn": "arn:aws:ec2:us-east-1:533220667167:key-pair/devops-project-key",
            "fingerprint": "09:2a:9b:1b:83:22:f0:0c:83:19:87:ca:d1:35:4d:51",
            "id": "devops-project-key",
            "key_name": "devops-project-key",
            "key_name_prefix": "",
            "key_pair_id": "key-0c8f287732c5016ad",
            "key_type": "rsa",
            "public_key": "ssh-rsa AAAAB3NzaC1yc2EAAAADAQABAAACAQDGDNg9QYBM/qg9m28ePDTzqLxgk3irhrdGPEg+RL6rd3Rl9zpldSalNsDS2KVUvlRsLMHQgaFo1UrA5OpsRRYquFpv6b/U3GlK1v+41s+m/iWEtqZEUV6lH5Y0Ty4maAWaMpaUPmfuBbkPkwE7JzPq86+rgYYJDslBV0SNiOgMzc6nSCLgUTqabYaqIJ2JuSXD57vsUvDriIYjRI1I9xGVpqIDtBctrUJ/j3cg2aPk5bkSYD2GztQ5rBTou7BssRNsISn25ekiRWNXMPe65yZJCGGKvcW1ioajFiB3FhjYKyie6ET4QbPfESzTh0kQhQxDo3ioO0vq/xH5pPRgP4GGYjDQZ+AtTy5Nu/+E5+9zyQ6fYkz3UmkvM3UIO18rYKhBPssHZNFphJIgmAQaSFHC31RaQBWQDhnpeBLcDuUZZgB9bUtMtDu6KY8/GiXBszQEkV+7krholp90BNSR3f77d7ZVLBkEaS1FA/6nEYWZmrO/eF6sT/atFsi/j0AK4ZGXSL4Sg1o6K88qQi+RSIjp0kH6e09oCvqYJAlB5ydR1z3gW699Exj5322XVZ9eaW+yCd9ZjcwhMvgReQofYU7+C8dKL3YZU74g5k/l9YrrWJ40+H059JaT0BCCgOOyRuWBr4/XAHAvu/LXp3d7BNgNVJVbJxlO0uhsOjlZfCeOJw==",
            "region": "us-east-1",
            "tags": null,
            "tags_all": {}
          },
          "sensitive_attributes": [],
          "identity_schema_version": 0,
          "private": "eyJzY2hlbWFfdmVyc2lvbiI6IjEifQ==",
          "dependencies": [
            "tls_private_key.main_key"
          ]
        }
      ]
    },
    {
      "mode": "managed",
      "type": "aws_nat_gateway",
      "name": "nat_gw",
      "provider": "provider[\"registry.terraform.io/hashicorp/aws\"]",
      "instances": [
        {
          "schema_version": 0,
          "attributes": {
            "allocation_id": "eipalloc-0988ad925f156c7f3",
            "association_id": "eipassoc-09eb4a0804c559500",
            "auto_provision_zones": null,
            "auto_scaling_ips": null,
            "availability_mode": "zonal",
            "availability_zone_address": [],
            "connectivity_type": "public",
            "id": "nat-0c30bd0997bf362d6",
            "network_interface_id": "eni-024ce5ffab18faada",
            "private_ip": "10.0.1.253",
            "public_ip": "54.89.228.189",
            "region": "us-east-1",
            "regional_nat_gateway_address": [],
            "regional_nat_gateway_auto_mode": null,
            "route_table_id": null,
            "secondary_allocation_ids": [],
            "secondary_private_ip_address_count": 0,
            "secondary_private_ip_addresses": [],
            "subnet_id": "subnet-042aaadfb81a4847b",
            "tags": {
              "Name": "NAT-Gateway"
            },
            "tags_all": {
              "Name": "NAT-Gateway"
            },
            "timeouts": null,
            "vpc_id": "vpc-0ba507041a09a4f48"
          },
          "sensitive_attributes": [],
          "identity_schema_version": 0,
          "private": "eyJlMmJmYjczMC1lY2FhLTExZTYtOGY4OC0zNDM2M2JjN2M0YzAiOnsiY3JlYXRlIjo2MDAwMDAwMDAwMDAsImRlbGV0ZSI6MTgwMDAwMDAwMDAwMCwidXBkYXRlIjo2MDAwMDAwMDAwMDB9fQ==",
          "dependencies": [
            "aws_eip.nat_eip",
            "aws_subnet.public_subnet_1",
            "aws_vpc.main_vpc"
          ]
        }
      ]
    },
    {
      "mode": "managed",
      "type": "aws_route_table",
      "name": "private_rt",
      "provider": "provider[\"registry.terraform.io/hashicorp/aws\"]",
      "instances": [
        {
          "schema_version": 0,
          "attributes": {
            "arn": "arn:aws:ec2:us-east-1:533220667167:route-table/rtb-028a7542375c9f0e6",
            "id": "rtb-028a7542375c9f0e6",
            "owner_id": "533220667167",
            "propagating_vgws": [],
            "region": "us-east-1",
            "route": [
              {
                "carrier_gateway_id": "",
                "cidr_block": "0.0.0.0/0",
                "core_network_arn": "",
                "destination_prefix_list_id": "",
                "egress_only_gateway_id": "",
                "gateway_id": "",
                "ipv6_cidr_block": "",
                "local_gateway_id": "",
                "nat_gateway_id": "nat-0c30bd0997bf362d6",
                "network_interface_id": "",
                "transit_gateway_id": "",
                "vpc_endpoint_id": "",
                "vpc_peering_connection_id": ""
              }
            ],
            "tags": {
              "Name": "Private-Route-Table"
            },
            "tags_all": {
              "Name": "Private-Route-Table"
            },
            "timeouts": null,
            "vpc_id": "vpc-0ba507041a09a4f48"
          },
          "sensitive_attributes": [],
          "identity_schema_version": 0,
          "identity": {
            "account_id": "533220667167",
            "id": "rtb-028a7542375c9f0e6",
            "region": "us-east-1"
          },
          "private": "eyJlMmJmYjczMC1lY2FhLTExZTYtOGY4OC0zNDM2M2JjN2M0YzAiOnsiY3JlYXRlIjozMDAwMDAwMDAwMDAsImRlbGV0ZSI6MzAwMDAwMDAwMDAwLCJ1cGRhdGUiOjEyMDAwMDAwMDAwMH19",
          "dependencies": [
            "aws_eip.nat_eip",
            "aws_nat_gateway.nat_gw",
            "aws_subnet.public_subnet_1",
            "aws_vpc.main_vpc"
          ]
        }
      ]
    },
    {
      "mode": "managed",
      "type": "aws_route_table",
      "name": "public_rt",
      "provider": "provider[\"registry.terraform.io/hashicorp/aws\"]",
      "instances": [
        {
          "schema_version": 0,
          "attributes": {
            "arn": "arn:aws:ec2:us-east-1:533220667167:route-table/rtb-0da595932207f8905",
            "id": "rtb-0da595932207f8905",
            "owner_id": "533220667167",
            "propagating_vgws": [],
            "region": "us-east-1",
            "route": [
              {
                "carrier_gateway_id": "",
                "cidr_block": "0.0.0.0/0",
                "core_network_arn": "",
                "destination_prefix_list_id": "",
                "egress_only_gateway_id": "",
                "gateway_id": "igw-0d4253636fd61ecd2",
                "ipv6_cidr_block": "",
                "local_gateway_id": "",
                "nat_gateway_id": "",
                "network_interface_id": "",
                "transit_gateway_id": "",
                "vpc_endpoint_id": "",
                "vpc_peering_connection_id": ""
              }
            ],
            "tags": {
              "Name": "Public-Route-Table"
            },
            "tags_all": {
              "Name": "Public-Route-Table"
            },
            "timeouts": null,
            "vpc_id": "vpc-0ba507041a09a4f48"
          },
          "sensitive_attributes": [],
          "identity_schema_version": 0,
          "identity": {
            "account_id": "533220667167",
            "id": "rtb-0da595932207f8905",
            "region": "us-east-1"
          },
          "private": "eyJlMmJmYjczMC1lY2FhLTExZTYtOGY4OC0zNDM2M2JjN2M0YzAiOnsiY3JlYXRlIjozMDAwMDAwMDAwMDAsImRlbGV0ZSI6MzAwMDAwMDAwMDAwLCJ1cGRhdGUiOjEyMDAwMDAwMDAwMH19",
          "dependencies": [
            "aws_internet_gateway.igw",
            "aws_vpc.main_vpc"
          ]
        }
      ]
    },
    {
      "mode": "managed",
      "type": "aws_route_table_association",
      "name": "private_rta_1",
      "provider": "provider[\"registry.terraform.io/hashicorp/aws\"]",
      "instances": [
        {
          "schema_version": 0,
          "attributes": {
            "gateway_id": "",
            "id": "rtbassoc-0676cc053e18587b2",
            "region": "us-east-1",
            "route_table_id": "rtb-028a7542375c9f0e6",
            "subnet_id": "subnet-0180c0710b76059ac",
            "timeouts": null
          },
          "sensitive_attributes": [],
          "identity_schema_version": 0,
          "private": "eyJlMmJmYjczMC1lY2FhLTExZTYtOGY4OC0zNDM2M2JjN2M0YzAiOnsiY3JlYXRlIjozMDAwMDAwMDAwMDAsImRlbGV0ZSI6MzAwMDAwMDAwMDAwLCJ1cGRhdGUiOjEyMDAwMDAwMDAwMH19",
          "dependencies": [
            "aws_eip.nat_eip",
            "aws_nat_gateway.nat_gw",
            "aws_route_table.private_rt",
            "aws_subnet.private_subnet_1",
            "aws_subnet.public_subnet_1",
            "aws_vpc.main_vpc"
          ]
        }
      ]
    },
    {
      "mode": "managed",
      "type": "aws_route_table_association",
      "name": "private_rta_2",
      "provider": "provider[\"registry.terraform.io/hashicorp/aws\"]",
      "instances": [
        {
          "schema_version": 0,
          "attributes": {
            "gateway_id": "",
            "id": "rtbassoc-0ae2a1cdf6e8ff243",
            "region": "us-east-1",
            "route_table_id": "rtb-028a7542375c9f0e6",
            "subnet_id": "subnet-0c26eee1bb641a479",
            "timeouts": null
          },
          "sensitive_attributes": [],
          "identity_schema_version": 0,
          "private": "eyJlMmJmYjczMC1lY2FhLTExZTYtOGY4OC0zNDM2M2JjN2M0YzAiOnsiY3JlYXRlIjozMDAwMDAwMDAwMDAsImRlbGV0ZSI6MzAwMDAwMDAwMDAwLCJ1cGRhdGUiOjEyMDAwMDAwMDAwMH19",
          "dependencies": [
            "aws_eip.nat_eip",
            "aws_nat_gateway.nat_gw",
            "aws_route_table.private_rt",
            "aws_subnet.private_subnet_2",
            "aws_subnet.public_subnet_1",
            "aws_vpc.main_vpc"
          ]
        }
      ]
    },
    {
      "mode": "managed",
      "type": "aws_route_table_association",
      "name": "public_rta_1",
      "provider": "provider[\"registry.terraform.io/hashicorp/aws\"]",
      "instances": [
        {
          "schema_version": 0,
          "attributes": {
            "gateway_id": "",
            "id": "rtbassoc-05f355f0e3ab08a27",
            "region": "us-east-1",
            "route_table_id": "rtb-0da595932207f8905",
            "subnet_id": "subnet-042aaadfb81a4847b",
            "timeouts": null
          },
          "sensitive_attributes": [],
          "identity_schema_version": 0,
          "private": "eyJlMmJmYjczMC1lY2FhLTExZTYtOGY4OC0zNDM2M2JjN2M0YzAiOnsiY3JlYXRlIjozMDAwMDAwMDAwMDAsImRlbGV0ZSI6MzAwMDAwMDAwMDAwLCJ1cGRhdGUiOjEyMDAwMDAwMDAwMH19",
          "dependencies": [
            "aws_internet_gateway.igw",
            "aws_route_table.public_rt",
            "aws_subnet.public_subnet_1",
            "aws_vpc.main_vpc"
          ]
        }
      ]
    },
    {
      "mode": "managed",
      "type": "aws_route_table_association",
      "name": "public_rta_2",
      "provider": "provider[\"registry.terraform.io/hashicorp/aws\"]",
      "instances": [
        {
          "schema_version": 0,
          "attributes": {
            "gateway_id": "",
            "id": "rtbassoc-0416c49ace9d203ad",
            "region": "us-east-1",
            "route_table_id": "rtb-0da595932207f8905",
            "subnet_id": "subnet-03aabc14e6a21d83c",
            "timeouts": null
          },
          "sensitive_attributes": [],
          "identity_schema_version": 0,
          "private": "eyJlMmJmYjczMC1lY2FhLTExZTYtOGY4OC0zNDM2M2JjN2M0YzAiOnsiY3JlYXRlIjozMDAwMDAwMDAwMDAsImRlbGV0ZSI6MzAwMDAwMDAwMDAwLCJ1cGRhdGUiOjEyMDAwMDAwMDAwMH19",
          "dependencies": [
            "aws_internet_gateway.igw",
            "aws_route_table.public_rt",
            "aws_subnet.public_subnet_2",
            "aws_vpc.main_vpc"
          ]
        }
      ]
    },
    {
      "mode": "managed",
      "type": "aws_security_group",
      "name": "bastion_sg",
      "provider": "provider[\"registry.terraform.io/hashicorp/aws\"]",
      "instances": [
        {
          "schema_version": 1,
          "attributes": {
            "arn": "arn:aws:ec2:us-east-1:533220667167:security-group/sg-0c49573bd533a937f",
            "description": "Managed by Terraform",
            "egress": [
              {
                "cidr_blocks": [
                  "0.0.0.0/0"
                ],
                "description": "",
                "from_port": 0,
                "ipv6_cidr_blocks": [],
                "prefix_list_ids": [],
                "protocol": "-1",
                "security_groups": [],
                "self": false,
                "to_port": 0
              }
            ],
            "id": "sg-0c49573bd533a937f",
            "ingress": [
              {
                "cidr_blocks": [
                  "0.0.0.0/0"
                ],
                "description": "",
                "from_port": 22,
                "ipv6_cidr_blocks": [],
                "prefix_list_ids": [],
                "protocol": "tcp",
                "security_groups": [],
                "self": false,
                "to_port": 22
              }
            ],
            "name": "bastion-sg",
            "name_prefix": "",
            "owner_id": "533220667167",
            "region": "us-east-1",
            "revoke_rules_on_delete": false,
            "tags": null,
            "tags_all": {},
            "timeouts": null,
            "vpc_id": "vpc-0ba507041a09a4f48"
          },
          "sensitive_attributes": [],
          "identity_schema_version": 0,
          "identity": {
            "account_id": "533220667167",
            "id": "sg-0c49573bd533a937f",
            "region": "us-east-1"
          },
          "private": "eyJlMmJmYjczMC1lY2FhLTExZTYtOGY4OC0zNDM2M2JjN2M0YzAiOnsiY3JlYXRlIjo2MDAwMDAwMDAwMDAsImRlbGV0ZSI6OTAwMDAwMDAwMDAwfSwic2NoZW1hX3ZlcnNpb24iOiIxIn0=",
          "dependencies": [
            "aws_vpc.main_vpc"
          ]
        }
      ]
    },
    {
      "mode": "managed",
      "type": "aws_security_group",
      "name": "jenkins_sg",
      "provider": "provider[\"registry.terraform.io/hashicorp/aws\"]",
      "instances": [
        {
          "schema_version": 1,
          "attributes": {
            "arn": "arn:aws:ec2:us-east-1:533220667167:security-group/sg-079eaa75eb656f4ab",
            "description": "Managed by Terraform",
            "egress": [
              {
                "cidr_blocks": [
                  "0.0.0.0/0"
                ],
                "description": "",
                "from_port": 0,
                "ipv6_cidr_blocks": [],
                "prefix_list_ids": [],
                "protocol": "-1",
                "security_groups": [],
                "self": false,
                "to_port": 0
              }
            ],
            "id": "sg-079eaa75eb656f4ab",
            "ingress": [
              {
                "cidr_blocks": [
                  "10.0.0.0/16"
                ],
                "description": "",
                "from_port": 8080,
                "ipv6_cidr_blocks": [],
                "prefix_list_ids": [],
                "protocol": "tcp",
                "security_groups": [],
                "self": false,
                "to_port": 8080
              },
              {
                "cidr_blocks": [],
                "description": "",
                "from_port": 22,
                "ipv6_cidr_blocks": [],
                "prefix_list_ids": [],
                "protocol": "tcp",
                "security_groups": [
                  "sg-0c49573bd533a937f"
                ],
                "self": false,
                "to_port": 22
              }
            ],
            "name": "jenkins-sg",
            "name_prefix": "",
            "owner_id": "533220667167",
            "region": "us-east-1",
            "revoke_rules_on_delete": false,
            "tags": null,
            "tags_all": {},
            "timeouts": null,
            "vpc_id": "vpc-0ba507041a09a4f48"
          },
          "sensitive_attributes": [],
          "identity_schema_version": 0,
          "identity": {
            "account_id": "533220667167",
            "id": "sg-079eaa75eb656f4ab",
            "region": "us-east-1"
          },
          "private": "eyJlMmJmYjczMC1lY2FhLTExZTYtOGY4OC0zNDM2M2JjN2M0YzAiOnsiY3JlYXRlIjo2MDAwMDAwMDAwMDAsImRlbGV0ZSI6OTAwMDAwMDAwMDAwfSwic2NoZW1hX3ZlcnNpb24iOiIxIn0=",
          "dependencies": [
            "aws_security_group.bastion_sg",
            "aws_vpc.main_vpc"
          ]
        }
      ]
    },
    {
      "mode": "managed",
      "type": "aws_security_group",
      "name": "sonarqube_sg",
      "provider": "provider[\"registry.terraform.io/hashicorp/aws\"]",
      "instances": [
        {
          "schema_version": 1,
          "attributes": {
            "arn": "arn:aws:ec2:us-east-1:533220667167:security-group/sg-08ba29b2e42a4cc3d",
            "description": "Managed by Terraform",
            "egress": [
              {
                "cidr_blocks": [
                  "0.0.0.0/0"
                ],
                "description": "",
                "from_port": 0,
                "ipv6_cidr_blocks": [],
                "prefix_list_ids": [],
                "protocol": "-1",
                "security_groups": [],
                "self": false,
                "to_port": 0
              }
            ],
            "id": "sg-08ba29b2e42a4cc3d",
            "ingress": [
              {
                "cidr_blocks": [],
                "description": "",
                "from_port": 22,
                "ipv6_cidr_blocks": [],
                "prefix_list_ids": [],
                "protocol": "tcp",
                "security_groups": [
                  "sg-0c49573bd533a937f"
                ],
                "self": false,
                "to_port": 22
              },
              {
                "cidr_blocks": [],
                "description": "",
                "from_port": 9000,
                "ipv6_cidr_blocks": [],
                "prefix_list_ids": [],
                "protocol": "tcp",
                "security_groups": [
                  "sg-079eaa75eb656f4ab"
                ],
                "self": false,
                "to_port": 9000
              }
            ],
            "name": "sonarqube-sg",
            "name_prefix": "",
            "owner_id": "533220667167",
            "region": "us-east-1",
            "revoke_rules_on_delete": false,
            "tags": null,
            "tags_all": {},
            "timeouts": null,
            "vpc_id": "vpc-0ba507041a09a4f48"
          },
          "sensitive_attributes": [],
          "identity_schema_version": 0,
          "identity": {
            "account_id": "533220667167",
            "id": "sg-08ba29b2e42a4cc3d",
            "region": "us-east-1"
          },
          "private": "eyJlMmJmYjczMC1lY2FhLTExZTYtOGY4OC0zNDM2M2JjN2M0YzAiOnsiY3JlYXRlIjo2MDAwMDAwMDAwMDAsImRlbGV0ZSI6OTAwMDAwMDAwMDAwfSwic2NoZW1hX3ZlcnNpb24iOiIxIn0=",
          "dependencies": [
            "aws_security_group.bastion_sg",
            "aws_security_group.jenkins_sg",
            "aws_vpc.main_vpc"
          ]
        }
      ]
    },
    {
      "mode": "managed",
      "type": "aws_subnet",
      "name": "private_subnet_1",
      "provider": "provider[\"registry.terraform.io/hashicorp/aws\"]",
      "instances": [
        {
          "schema_version": 1,
          "attributes": {
            "arn": "arn:aws:ec2:us-east-1:533220667167:subnet/subnet-0180c0710b76059ac",
            "assign_ipv6_address_on_creation": false,
            "availability_zone": "us-east-1b",
            "availability_zone_id": "use1-az2",
            "cidr_block": "10.0.3.0/24",
            "customer_owned_ipv4_pool": "",
            "enable_dns64": false,
            "enable_lni_at_device_index": 0,
            "enable_resource_name_dns_a_record_on_launch": false,
            "enable_resource_name_dns_aaaa_record_on_launch": false,
            "id": "subnet-0180c0710b76059ac",
            "ipv4_ipam_pool_id": null,
            "ipv4_netmask_length": null,
            "ipv6_cidr_block": "",
            "ipv6_cidr_block_association_id": "",
            "ipv6_ipam_pool_id": null,
            "ipv6_native": false,
            "ipv6_netmask_length": null,
            "map_customer_owned_ip_on_launch": false,
            "map_public_ip_on_launch": false,
            "outpost_arn": "",
            "owner_id": "533220667167",
            "private_dns_hostname_type_on_launch": "ip-name",
            "region": "us-east-1",
            "tags": {
              "Name": "Private-Subnet-1"
            },
            "tags_all": {
              "Name": "Private-Subnet-1"
            },
            "timeouts": null,
            "vpc_id": "vpc-0ba507041a09a4f48"
          },
          "sensitive_attributes": [],
          "identity_schema_version": 0,
          "identity": {
            "account_id": "533220667167",
            "id": "subnet-0180c0710b76059ac",
            "region": "us-east-1"
          },
          "private": "eyJlMmJmYjczMC1lY2FhLTExZTYtOGY4OC0zNDM2M2JjN2M0YzAiOnsiY3JlYXRlIjo2MDAwMDAwMDAwMDAsImRlbGV0ZSI6MTIwMDAwMDAwMDAwMH0sInNjaGVtYV92ZXJzaW9uIjoiMSJ9",
          "dependencies": [
            "aws_vpc.main_vpc"
          ]
        }
      ]
    },
    {
      "mode": "managed",
      "type": "aws_subnet",
      "name": "private_subnet_2",
      "provider": "provider[\"registry.terraform.io/hashicorp/aws\"]",
      "instances": [
        {
          "schema_version": 1,
          "attributes": {
            "arn": "arn:aws:ec2:us-east-1:533220667167:subnet/subnet-0c26eee1bb641a479",
            "assign_ipv6_address_on_creation": false,
            "availability_zone": "us-east-1b",
            "availability_zone_id": "use1-az2",
            "cidr_block": "10.0.4.0/24",
            "customer_owned_ipv4_pool": "",
            "enable_dns64": false,
            "enable_lni_at_device_index": 0,
            "enable_resource_name_dns_a_record_on_launch": false,
            "enable_resource_name_dns_aaaa_record_on_launch": false,
            "id": "subnet-0c26eee1bb641a479",
            "ipv4_ipam_pool_id": null,
            "ipv4_netmask_length": null,
            "ipv6_cidr_block": "",
            "ipv6_cidr_block_association_id": "",
            "ipv6_ipam_pool_id": null,
            "ipv6_native": false,
            "ipv6_netmask_length": null,
            "map_customer_owned_ip_on_launch": false,
            "map_public_ip_on_launch": false,
            "outpost_arn": "",
            "owner_id": "533220667167",
            "private_dns_hostname_type_on_launch": "ip-name",
            "region": "us-east-1",
            "tags": {
              "Name": "Private-Subnet-2"
            },
            "tags_all": {
              "Name": "Private-Subnet-2"
            },
            "timeouts": null,
            "vpc_id": "vpc-0ba507041a09a4f48"
          },
          "sensitive_attributes": [],
          "identity_schema_version": 0,
          "identity": {
            "account_id": "533220667167",
            "id": "subnet-0c26eee1bb641a479",
            "region": "us-east-1"
          },
          "private": "eyJlMmJmYjczMC1lY2FhLTExZTYtOGY4OC0zNDM2M2JjN2M0YzAiOnsiY3JlYXRlIjo2MDAwMDAwMDAwMDAsImRlbGV0ZSI6MTIwMDAwMDAwMDAwMH0sInNjaGVtYV92ZXJzaW9uIjoiMSJ9",
          "dependencies": [
            "aws_vpc.main_vpc"
          ]
        }
      ]
    },
    {
      "mode": "managed",
      "type": "aws_subnet",
      "name": "public_subnet_1",
      "provider": "provider[\"registry.terraform.io/hashicorp/aws\"]",
      "instances": [
        {
          "schema_version": 1,
          "attributes": {
            "arn": "arn:aws:ec2:us-east-1:533220667167:subnet/subnet-042aaadfb81a4847b",
            "assign_ipv6_address_on_creation": false,
            "availability_zone": "us-east-1b",
            "availability_zone_id": "use1-az2",
            "cidr_block": "10.0.1.0/24",
            "customer_owned_ipv4_pool": "",
            "enable_dns64": false,
            "enable_lni_at_device_index": 0,
            "enable_resource_name_dns_a_record_on_launch": false,
            "enable_resource_name_dns_aaaa_record_on_launch": false,
            "id": "subnet-042aaadfb81a4847b",
            "ipv4_ipam_pool_id": null,
            "ipv4_netmask_length": null,
            "ipv6_cidr_block": "",
            "ipv6_cidr_block_association_id": "",
            "ipv6_ipam_pool_id": null,
            "ipv6_native": false,
            "ipv6_netmask_length": null,
            "map_customer_owned_ip_on_launch": false,
            "map_public_ip_on_launch": true,
            "outpost_arn": "",
            "owner_id": "533220667167",
            "private_dns_hostname_type_on_launch": "ip-name",
            "region": "us-east-1",
            "tags": {
              "Name": "Public-Subnet-1"
            },
            "tags_all": {
              "Name": "Public-Subnet-1"
            },
            "timeouts": null,
            "vpc_id": "vpc-0ba507041a09a4f48"
          },
          "sensitive_attributes": [],
          "identity_schema_version": 0,
          "identity": {
            "account_id": "533220667167",
            "id": "subnet-042aaadfb81a4847b",
            "region": "us-east-1"
          },
          "private": "eyJlMmJmYjczMC1lY2FhLTExZTYtOGY4OC0zNDM2M2JjN2M0YzAiOnsiY3JlYXRlIjo2MDAwMDAwMDAwMDAsImRlbGV0ZSI6MTIwMDAwMDAwMDAwMH0sInNjaGVtYV92ZXJzaW9uIjoiMSJ9",
          "dependencies": [
            "aws_vpc.main_vpc"
          ]
        }
      ]
    },
    {
      "mode": "managed",
      "type": "aws_subnet",
      "name": "public_subnet_2",
      "provider": "provider[\"registry.terraform.io/hashicorp/aws\"]",
      "instances": [
        {
          "schema_version": 1,
          "attributes": {
            "arn": "arn:aws:ec2:us-east-1:533220667167:subnet/subnet-03aabc14e6a21d83c",
            "assign_ipv6_address_on_creation": false,
            "availability_zone": "us-east-1b",
            "availability_zone_id": "use1-az2",
            "cidr_block": "10.0.2.0/24",
            "customer_owned_ipv4_pool": "",
            "enable_dns64": false,
            "enable_lni_at_device_index": 0,
            "enable_resource_name_dns_a_record_on_launch": false,
            "enable_resource_name_dns_aaaa_record_on_launch": false,
            "id": "subnet-03aabc14e6a21d83c",
            "ipv4_ipam_pool_id": null,
            "ipv4_netmask_length": null,
            "ipv6_cidr_block": "",
            "ipv6_cidr_block_association_id": "",
            "ipv6_ipam_pool_id": null,
            "ipv6_native": false,
            "ipv6_netmask_length": null,
            "map_customer_owned_ip_on_launch": false,
            "map_public_ip_on_launch": true,
            "outpost_arn": "",
            "owner_id": "533220667167",
            "private_dns_hostname_type_on_launch": "ip-name",
            "region": "us-east-1",
            "tags": {
              "Name": "Public-Subnet-2"
            },
            "tags_all": {
              "Name": "Public-Subnet-2"
            },
            "timeouts": null,
            "vpc_id": "vpc-0ba507041a09a4f48"
          },
          "sensitive_attributes": [],
          "identity_schema_version": 0,
          "identity": {
            "account_id": "533220667167",
            "id": "subnet-03aabc14e6a21d83c",
            "region": "us-east-1"
          },
          "private": "eyJlMmJmYjczMC1lY2FhLTExZTYtOGY4OC0zNDM2M2JjN2M0YzAiOnsiY3JlYXRlIjo2MDAwMDAwMDAwMDAsImRlbGV0ZSI6MTIwMDAwMDAwMDAwMH0sInNjaGVtYV92ZXJzaW9uIjoiMSJ9",
          "dependencies": [
            "aws_vpc.main_vpc"
          ]
        }
      ]
    },
    {
      "mode": "managed",
      "type": "aws_vpc",
      "name": "main_vpc",
      "provider": "provider[\"registry.terraform.io/hashicorp/aws\"]",
      "instances": [
        {
          "schema_version": 1,
          "attributes": {
            "arn": "arn:aws:ec2:us-east-1:533220667167:vpc/vpc-0ba507041a09a4f48",
            "assign_generated_ipv6_cidr_block": false,
            "cidr_block": "10.0.0.0/16",
            "default_network_acl_id": "acl-0c8bf50da98e767fc",
            "default_route_table_id": "rtb-0f942c504cd52e97a",
            "default_security_group_id": "sg-056ff0a57b818b4ee",
            "dhcp_options_id": "dopt-00d2bc2f05609b56a",
            "enable_dns_hostnames": false,
            "enable_dns_support": true,
            "enable_network_address_usage_metrics": false,
            "id": "vpc-0ba507041a09a4f48",
            "instance_tenancy": "default",
            "ipv4_ipam_pool_id": null,
            "ipv4_netmask_length": null,
            "ipv6_association_id": "",
            "ipv6_cidr_block": "",
            "ipv6_cidr_block_network_border_group": "",
            "ipv6_ipam_pool_id": "",
            "ipv6_netmask_length": 0,
            "main_route_table_id": "rtb-0f942c504cd52e97a",
            "owner_id": "533220667167",
            "region": "us-east-1",
            "tags": {
              "Name": "DevOps-Project-VPC"
            },
            "tags_all": {
              "Name": "DevOps-Project-VPC"
            }
          },
          "sensitive_attributes": [],
          "identity_schema_version": 0,
          "identity": {
            "account_id": "533220667167",
            "id": "vpc-0ba507041a09a4f48",
            "region": "us-east-1"
          },
          "private": "eyJzY2hlbWFfdmVyc2lvbiI6IjEifQ=="
        }
      ]
    },
    {
      "mode": "managed",
      "type": "local_file",
      "name": "ansible_inventory",
      "provider": "provider[\"registry.terraform.io/hashicorp/local\"]",
      "instances": [
        {
          "schema_version": 0,
          "attributes": {
            "content": "[jenkins]\n10.0.3.210\n\n[sonarqube]\n10.0.4.197\n",
            "content_base64": null,
            "content_base64sha256": "QBhWFG94VXK63Dc9aUIpXPG9n5SbY+D5AbV3aZX211Y=",
            "content_base64sha512": "GPNSi9c+DBQsBOAmS4ETy+fU6gAHOqgVRnEN+6lk+pygAfzjaJA/xfVzlzz7xYwEQu+vvuZ9EQpblVNxxrm6Zw==",
            "content_md5": "54c5e0e1f1afd0b6b0184e960766921a",
            "content_sha1": "2c67881e1c1870a84cb966f3e6b43aba764b445f",
            "content_sha256": "401856146f785572badc373d6942295cf1bd9f949b63e0f901b5776995f6d756",
            "content_sha512": "18f3528bd73e0c142c04e0264b8113cbe7d4ea00073aa81546710dfba964fa9ca001fce368903fc5f573973cfbc58c0442efafbee67d110a5b955371c6b9ba67",
            "directory_permission": "0777",
            "file_permission": "0777",
            "filename": "./ansible/inventory",
            "id": "2c67881e1c1870a84cb966f3e6b43aba764b445f",
            "sensitive_content": null,
            "source": null
          },
          "sensitive_attributes": [
            [
              {
                "type": "get_attr",
                "value": "sensitive_content"
              }
            ]
          ],
          "identity_schema_version": 0,
          "dependencies": [
            "aws_instance.jenkins",
            "aws_instance.sonarqube",
            "aws_key_pair.deployer_key",
            "aws_security_group.bastion_sg",
            "aws_security_group.jenkins_sg",
            "aws_security_group.sonarqube_sg",
            "aws_subnet.private_subnet_1",
            "aws_subnet.private_subnet_2",
            "aws_vpc.main_vpc",
            "tls_private_key.main_key"
          ]
        }
      ]
    },
    {
      "mode": "managed",
      "type": "local_file",
      "name": "ssh_key",
      "provider": "provider[\"registry.terraform.io/hashicorp/local\"]",
      "instances": [
        {
          "schema_version": 0,
          "attributes": {
            "content": "-----BEGIN RSA PRIVATE KEY-----\nMIIJKAIBAAKCAgEAxgzYPUGATP6oPZtvHjw086i8YJN4q4a3RjxIPkS+q3d0Zfc6\nZXUmpTbA0tilVL5UbCzB0IGhaNVKwOTqbEUWKrhab+m/1NxpStb/uNbPpv4lhLam\nRFFepR+WNE8uJmgFmjKWlD5n7gW5D5MBOycz6vOvq4GGCQ7JQVdEjYjoDM3Op0gi\n4FE6mm2GqiCdibklw+e77FLw64iGI0SNSPcRlaaiA7QXLa1Cf493INmj5OW5EmA9\nhs7UOawU6LuwbLETbCEp9uXpIkVjVzD3uucmSQhhir3FtYqGoxYgdxYY2CsonuhE\n+EGz3xEs04dJEIUMQ6N4qDtL6v8R+aT0YD+BhmIw0GfgLU8uTbv/hOfvc8kOn2JM\n91JpLzN1CDtfK2CoQT7LB2TRaYSSIJgEGkhRwt9UWkAVkA4Z6XgS3A7lGWYAfW1L\nTLQ7uimPPxolwbM0BJFfu5K4aJafdATUkd3++3e2VSwZBGktRQP+pxGFmZqzv3he\nrE/2rRbIv49ACuGRl0i+EoNaOivPKkIvkUiI6dJB+ntPaAr6mCQJQecnUdc94Fuv\nfRMY+d9tl1WfXmlvsgnfWY3MITL4EXkKH2FO/gvHSi92GVO+IOZP5fWK61ieNPh9\nOfSWk9AQgoDjskblga+P1wBwL7vy16d3ewTYDVSVWycZTtLobDo5WXwnjicCAwEA\nAQKCAgAv8qslhWak/WBI7gkkZkohlX/p17o2uLpFWFHbNXR9+cEl8IlkR80P4aYk\nRcwdLKkuuVVBAClOQplDAwjYJo+7zv8iKhLF24joVA38N5F1agE2VKwDTTnfOzr3\nthXDuZplnwrCoCs0PpFzulDpe8+/ebjVilmjdr91wMV5iKQ5eVgnOrkq2q+X9J1O\nMfBCCB+jAscF63ylYVusTSvxdtN8iieeQur7pX88d8TNILPjtlQspT0wFoHd5pH3\nWH1ZizNbEdphin77S5ZF5TaMuuqTcuJ+nvwvO/blo/U/L4vbRfOjKTONcQa1oiha\nm92uELAL7hdHj3eNUKyO5oc9iBJ4w4/SOnhxhOn5+QkHypXjv32866cof9d/ALGy\nhGhvAAyQWF+FJEYWnynw+rTQ1ZNOV+rUseNjM3eXg9Zcj1I+UMAmr47AplxvdTdH\nLRctyjosgzeBbbd/T5CKAqHHH3kMcbXCiKQjd55X4/3y+/sdT/h0dWAFOM8Eem8d\nXnmyV7mfBduw0yWByxCYdQRY3uSW6zmmvKu48UQrN7pAmyGioocOGd1wqJOhBcgW\n0iGZ08OwNFit5mWnA48/voAxdPE8zXih4E1rAQK95oSZzg15f9HiQ6brFX4XVlCf\nAdkGvTpnW/EA2AI1nn41n6ppODFbEwWSeo5RCcQhRP7TX9RavQKCAQEA8242Hf9E\nzYALxj64Yt29cJJ9d7Z093qqKSB08SInb2pmBVf8DG7bhjUqno/V127/qN0tvLaS\noJf2mVdJqmUOC0UC4w84RWv2ubL540USWBv2xCB7D0PNVJGfR+B+OtiCItIz2H/T\nqWDkeil8Wsa1EqapgYnAkZOGld9tiFIZyjG/gej9UmZKzK52Efwkt0yCQNFsv81Q\nLyXC84K4FWsdj2hSx0Li59Bl6CrUNmz24A21ofoU5ftrPHEGzfM/Wa90g/qIx0H2\ngSnNDp7YVX+CGm5FNjwFJ4ZUhbLHztiNp2PKNDGgz4rZD2BMpaV2z6i80vDiVKkL\ncoStanFpPpMVwwKCAQEA0EbF2OzjaxvB0ZAn42fI/bpVN9jophIba4e6DT4AR7Ku\nSE2xQssLTqHBrgMQ8OVH5nmuVj2+PSW9WDZXg676TuweFdD5jw4kjo+Rb7r45BHG\nD5ekqFMFlY2ZkdZJv7COLnJ1NDjK2Ms/Xkekc2HMnEml88pqaUwpeR3sJs93Za0h\nvPZsCdhi2p+7PL+rBUTML8aRY8r+4/xSkLh8W1fuakEcyK8A/qiX8coS1Nd8i819\n0CKbqQZHeDzRSBBp9FTD81ihBqICA5OHwGKX6Z0rotxyU+IEKBWIuH5hbFE0zU+D\nLxwk1HfCGm2DHHlmHGitRC7uZJjpsN3NnwdZgBVLzQKCAQBFfSyNm5T0ZJz31mek\nMVAmlmqihb8V9joky1MWkn1XXLQKynb0xaB8yyiDYuPUP6dTeO/ZcvSgS0DlvPkW\nXwqHRQfx8SJLDuq7T8/thIYcCL+EdREr5lryzS7+waLHAY8EiaSrJLIzI6mVBcqt\nzxNZY6H3jG8gH1DH76PAyk76XQEiAHRv1St9CkBCGgwRFxIHlsDIb7939fuUr7gE\nxTMHAOzAXOOQ8PhmMfOqJajDhKZYup7El+SguFMM72ciHufP1PC+kKHhdSFIDygK\nH//vs5KmTLPb+IigMcy/yymEowPRqmkRVb1omkDG+FjWJoDgZkr1h9vwsNcgD4fP\niQUpAoIBAQCNjEvSDczRcl/bCNnTFynmJsjb17LlitDP18J+VXDjSXBg+0xJVK0u\nl4iFttfAoFKpNHFjczrjW86/MM9xU24STS51LT0uGDKIINJ62NtmRR4SYsEpFKNq\n7H0+PCCLAnbe4jL9dsuFYzyB2rbNI95nKTZ75UlEntpg0hE4ny9KDswrHF54onMs\nmfoqYyjbv9H1dkJBTCjG0Slb6cW6XpxN4kqpqSZH7FS3otoBhSHD8bhbx+l6iiXw\ndYTWMTGRODqkG8v0Mg6kV5OfEGKmBoctfBzHHYgtpdTxbhLQBrCYCD3juoDdVTa5\nt0uwAmF/VTTMbgjenX3VEik4t0oAXnjRAoIBAGHT4Okp5GSgrM0SFQfpLQDqbquL\ncZ739ZQj/b/TObvy+9lLSBuRfD7GVx1XV8czbLCUv7z9ofN1sqqSX1vL2rBLAPfd\nuczy6VzwtZlTnjUqzh402xcOdzrNbQilm/LpEXj3cME1KiVWNM20pZrE9A9N7MbG\nrMa2LvOS6r197OMbXtM47WP3PCfmwpCRVrC2wHVCSyG5q64MY1rz2oNyvDqIn1S1\nk1j70xS/8Gvv8xATTUPz8ASlku5D+OGf/K3r8Uzk4bYrcmhmTLD7nJFjm9b3m3eA\np+1m768EolOf4Oce9FnvKJEXEzCvVN12s7ljdSoORG0kXCIexQLq3sUH7cc=\n-----END RSA PRIVATE KEY-----\n",
            "content_base64": null,
            "content_base64sha256": "Yn7nBS268CRYOEXvhZAdDt14uzAvDlUM9gPEd1yOQh4=",
            "content_base64sha512": "rjyHg/X7ACbpXysNk+5/S04rhQBMvRCjJvGmDsUU17h+W2J6BgMoZQbOFHOmGT9ghutjH+ksiF3Hh6xgvlj+AQ==",
            "content_md5": "7514d2e6c6a25034f7e596ec570d1ef3",
            "content_sha1": "3abbb3a6c8d359c8cddaff18e9300ab5d1bbf798",
            "content_sha256": "627ee7052dbaf024583845ef85901d0edd78bb302f0e550cf603c4775c8e421e",
            "content_sha512": "ae3c8783f5fb0026e95f2b0d93ee7f4b4e2b85004cbd10a326f1a60ec514d7b87e5b627a0603286506ce1473a6193f6086eb631fe92c885dc787ac60be58fe01",
            "directory_permission": "0777",
            "file_permission": "0777",
            "filename": "./devops-project-key.pem",
            "id": "3abbb3a6c8d359c8cddaff18e9300ab5d1bbf798",
            "sensitive_content": null,
            "source": null
          },
          "sensitive_attributes": [
            [
              {
                "type": "get_attr",
                "value": "content"
              }
            ],
            [
              {
                "type": "get_attr",
                "value": "sensitive_content"
              }
            ]
          ],
          "identity_schema_version": 0,
          "dependencies": [
            "tls_private_key.main_key"
          ]
        }
      ]
    },
    {
      "mode": "managed",
      "type": "tls_private_key",
      "name": "main_key",
      "provider": "provider[\"registry.terraform.io/hashicorp/tls\"]",
      "instances": [
        {
          "schema_version": 1,
          "attributes": {
            "algorithm": "RSA",
            "ecdsa_curve": "P224",
            "id": "af3ee65cfc9b6823a2919ce028d9bdc01bbbaa3a",
            "private_key_openssh": "-----BEGIN OPENSSH PRIVATE KEY-----\nb3BlbnNzaC1rZXktdjEAAAAABG5vbmUAAAAEbm9uZQAAAAAAAAABAAACFwAAAAdz\nc2gtcnNhAAAAAwEAAQAAAgEAxgzYPUGATP6oPZtvHjw086i8YJN4q4a3RjxIPkS+\nq3d0Zfc6ZXUmpTbA0tilVL5UbCzB0IGhaNVKwOTqbEUWKrhab+m/1NxpStb/uNbP\npv4lhLamRFFepR+WNE8uJmgFmjKWlD5n7gW5D5MBOycz6vOvq4GGCQ7JQVdEjYjo\nDM3Op0gi4FE6mm2GqiCdibklw+e77FLw64iGI0SNSPcRlaaiA7QXLa1Cf493INmj\n5OW5EmA9hs7UOawU6LuwbLETbCEp9uXpIkVjVzD3uucmSQhhir3FtYqGoxYgdxYY\n2CsonuhE+EGz3xEs04dJEIUMQ6N4qDtL6v8R+aT0YD+BhmIw0GfgLU8uTbv/hOfv\nc8kOn2JM91JpLzN1CDtfK2CoQT7LB2TRaYSSIJgEGkhRwt9UWkAVkA4Z6XgS3A7l\nGWYAfW1LTLQ7uimPPxolwbM0BJFfu5K4aJafdATUkd3++3e2VSwZBGktRQP+pxGF\nmZqzv3herE/2rRbIv49ACuGRl0i+EoNaOivPKkIvkUiI6dJB+ntPaAr6mCQJQecn\nUdc94FuvfRMY+d9tl1WfXmlvsgnfWY3MITL4EXkKH2FO/gvHSi92GVO+IOZP5fWK\n61ieNPh9OfSWk9AQgoDjskblga+P1wBwL7vy16d3ewTYDVSVWycZTtLobDo5WXwn\njicAAAc4RKkXiUSpF4kAAAAHc3NoLXJzYQAAAgEAxgzYPUGATP6oPZtvHjw086i8\nYJN4q4a3RjxIPkS+q3d0Zfc6ZXUmpTbA0tilVL5UbCzB0IGhaNVKwOTqbEUWKrha\nb+m/1NxpStb/uNbPpv4lhLamRFFepR+WNE8uJmgFmjKWlD5n7gW5D5MBOycz6vOv\nq4GGCQ7JQVdEjYjoDM3Op0gi4FE6mm2GqiCdibklw+e77FLw64iGI0SNSPcRlaai\nA7QXLa1Cf493INmj5OW5EmA9hs7UOawU6LuwbLETbCEp9uXpIkVjVzD3uucmSQhh\nir3FtYqGoxYgdxYY2CsonuhE+EGz3xEs04dJEIUMQ6N4qDtL6v8R+aT0YD+BhmIw\n0GfgLU8uTbv/hOfvc8kOn2JM91JpLzN1CDtfK2CoQT7LB2TRaYSSIJgEGkhRwt9U\nWkAVkA4Z6XgS3A7lGWYAfW1LTLQ7uimPPxolwbM0BJFfu5K4aJafdATUkd3++3e2\nVSwZBGktRQP+pxGFmZqzv3herE/2rRbIv49ACuGRl0i+EoNaOivPKkIvkUiI6dJB\n+ntPaAr6mCQJQecnUdc94FuvfRMY+d9tl1WfXmlvsgnfWY3MITL4EXkKH2FO/gvH\nSi92GVO+IOZP5fWK61ieNPh9OfSWk9AQgoDjskblga+P1wBwL7vy16d3ewTYDVSV\nWycZTtLobDo5WXwnjicAAAADAQABAAACAC/yqyWFZqT9YEjuCSRmSiGVf+nXuja4\nukVYUds1dH35wSXwiWRHzQ/hpiRFzB0sqS65VUEAKU5CmUMDCNgmj7vO/yIqEsXb\niOhUDfw3kXVqATZUrANNOd87Ove2FcO5mmWfCsKgKzQ+kXO6UOl7z795uNWKWaN2\nv3XAxXmIpDl5WCc6uSrar5f0nU4x8EIIH6MCxwXrfKVhW6xNK/F203yKJ55C6vul\nfzx3xM0gs+O2VCylPTAWgd3mkfdYfVmLM1sR2mGKfvtLlkXlNoy66pNy4n6e/C87\n9uWj9T8vi9tF86MpM41xBrWiKFqb3a4QsAvuF0ePd41QrI7mhz2IEnjDj9I6eHGE\n6fn5CQfKleO/fbzrpyh/138AsbKEaG8ADJBYX4UkRhafKfD6tNDVk05X6tSx42Mz\nd5eD1lyPUj5QwCavjsCmXG91N0ctFy3KOiyDN4Ftt39PkIoCoccfeQxxtcKIpCN3\nnlfj/fL7+x1P+HR1YAU4zwR6bx1eebJXuZ8F27DTJYHLEJh1BFje5JbrOaa8q7jx\nRCs3ukCbIaKihw4Z3XCok6EFyBbSIZnTw7A0WK3mZacDjz++gDF08TzNeKHgTWsB\nAr3mhJnODXl/0eJDpusVfhdWUJ8B2Qa9Omdb8QDYAjWefjWfqmk4MVsTBZJ6jlEJ\nxCFE/tNf1Fq9AAABAGHT4Okp5GSgrM0SFQfpLQDqbquLcZ739ZQj/b/TObvy+9lL\nSBuRfD7GVx1XV8czbLCUv7z9ofN1sqqSX1vL2rBLAPfduczy6VzwtZlTnjUqzh40\n2xcOdzrNbQilm/LpEXj3cME1KiVWNM20pZrE9A9N7MbGrMa2LvOS6r197OMbXtM4\n7WP3PCfmwpCRVrC2wHVCSyG5q64MY1rz2oNyvDqIn1S1k1j70xS/8Gvv8xATTUPz\n8ASlku5D+OGf/K3r8Uzk4bYrcmhmTLD7nJFjm9b3m3eAp+1m768EolOf4Oce9Fnv\nKJEXEzCvVN12s7ljdSoORG0kXCIexQLq3sUH7ccAAAEBAPNuNh3/RM2AC8Y+uGLd\nvXCSfXe2dPd6qikgdPEiJ29qZgVX/Axu24Y1Kp6P1ddu/6jdLby2kqCX9plXSapl\nDgtFAuMPOEVr9rmy+eNFElgb9sQgew9DzVSRn0fgfjrYgiLSM9h/06lg5HopfFrG\ntRKmqYGJwJGThpXfbYhSGcoxv4Ho/VJmSsyudhH8JLdMgkDRbL/NUC8lwvOCuBVr\nHY9oUsdC4ufQZegq1DZs9uANtaH6FOX7azxxBs3zP1mvdIP6iMdB9oEpzQ6e2FV/\nghpuRTY8BSeGVIWyx87YjadjyjQxoM+K2Q9gTKWlds+ovNLw4lSpC3KErWpxaT6T\nFcMAAAEBANBGxdjs42sbwdGQJ+NnyP26VTfY6KYSG2uHug0+AEeyrkhNsULLC06h\nwa4DEPDlR+Z5rlY9vj0lvVg2V4Ou+k7sHhXQ+Y8OJI6PkW+6+OQRxg+XpKhTBZWN\nmZHWSb+wji5ydTQ4ytjLP15HpHNhzJxJpfPKamlMKXkd7CbPd2WtIbz2bAnYYtqf\nuzy/qwVEzC/GkWPK/uP8UpC4fFtX7mpBHMivAP6ol/HKEtTXfIvNfdAim6kGR3g8\n0UgQafRUw/NYoQaiAgOTh8Bil+mdK6LcclPiBCgViLh+YWxRNM1Pgy8cJNR3whpt\ngxx5ZhxorUQu7mSY6bDdzZ8HWYAVS80AAAAAAQID\n-----END OPENSSH PRIVATE KEY-----\n",
            "private_key_pem": "-----BEGIN RSA PRIVATE KEY-----\nMIIJKAIBAAKCAgEAxgzYPUGATP6oPZtvHjw086i8YJN4q4a3RjxIPkS+q3d0Zfc6\nZXUmpTbA0tilVL5UbCzB0IGhaNVKwOTqbEUWKrhab+m/1NxpStb/uNbPpv4lhLam\nRFFepR+WNE8uJmgFmjKWlD5n7gW5D5MBOycz6vOvq4GGCQ7JQVdEjYjoDM3Op0gi\n4FE6mm2GqiCdibklw+e77FLw64iGI0SNSPcRlaaiA7QXLa1Cf493INmj5OW5EmA9\nhs7UOawU6LuwbLETbCEp9uXpIkVjVzD3uucmSQhhir3FtYqGoxYgdxYY2CsonuhE\n+EGz3xEs04dJEIUMQ6N4qDtL6v8R+aT0YD+BhmIw0GfgLU8uTbv/hOfvc8kOn2JM\n91JpLzN1CDtfK2CoQT7LB2TRaYSSIJgEGkhRwt9UWkAVkA4Z6XgS3A7lGWYAfW1L\nTLQ7uimPPxolwbM0BJFfu5K4aJafdATUkd3++3e2VSwZBGktRQP+pxGFmZqzv3he\nrE/2rRbIv49ACuGRl0i+EoNaOivPKkIvkUiI6dJB+ntPaAr6mCQJQecnUdc94Fuv\nfRMY+d9tl1WfXmlvsgnfWY3MITL4EXkKH2FO/gvHSi92GVO+IOZP5fWK61ieNPh9\nOfSWk9AQgoDjskblga+P1wBwL7vy16d3ewTYDVSVWycZTtLobDo5WXwnjicCAwEA\nAQKCAgAv8qslhWak/WBI7gkkZkohlX/p17o2uLpFWFHbNXR9+cEl8IlkR80P4aYk\nRcwdLKkuuVVBAClOQplDAwjYJo+7zv8iKhLF24joVA38N5F1agE2VKwDTTnfOzr3\nthXDuZplnwrCoCs0PpFzulDpe8+/ebjVilmjdr91wMV5iKQ5eVgnOrkq2q+X9J1O\nMfBCCB+jAscF63ylYVusTSvxdtN8iieeQur7pX88d8TNILPjtlQspT0wFoHd5pH3\nWH1ZizNbEdphin77S5ZF5TaMuuqTcuJ+nvwvO/blo/U/L4vbRfOjKTONcQa1oiha\nm92uELAL7hdHj3eNUKyO5oc9iBJ4w4/SOnhxhOn5+QkHypXjv32866cof9d/ALGy\nhGhvAAyQWF+FJEYWnynw+rTQ1ZNOV+rUseNjM3eXg9Zcj1I+UMAmr47AplxvdTdH\nLRctyjosgzeBbbd/T5CKAqHHH3kMcbXCiKQjd55X4/3y+/sdT/h0dWAFOM8Eem8d\nXnmyV7mfBduw0yWByxCYdQRY3uSW6zmmvKu48UQrN7pAmyGioocOGd1wqJOhBcgW\n0iGZ08OwNFit5mWnA48/voAxdPE8zXih4E1rAQK95oSZzg15f9HiQ6brFX4XVlCf\nAdkGvTpnW/EA2AI1nn41n6ppODFbEwWSeo5RCcQhRP7TX9RavQKCAQEA8242Hf9E\nzYALxj64Yt29cJJ9d7Z093qqKSB08SInb2pmBVf8DG7bhjUqno/V127/qN0tvLaS\noJf2mVdJqmUOC0UC4w84RWv2ubL540USWBv2xCB7D0PNVJGfR+B+OtiCItIz2H/T\nqWDkeil8Wsa1EqapgYnAkZOGld9tiFIZyjG/gej9UmZKzK52Efwkt0yCQNFsv81Q\nLyXC84K4FWsdj2hSx0Li59Bl6CrUNmz24A21ofoU5ftrPHEGzfM/Wa90g/qIx0H2\ngSnNDp7YVX+CGm5FNjwFJ4ZUhbLHztiNp2PKNDGgz4rZD2BMpaV2z6i80vDiVKkL\ncoStanFpPpMVwwKCAQEA0EbF2OzjaxvB0ZAn42fI/bpVN9jophIba4e6DT4AR7Ku\nSE2xQssLTqHBrgMQ8OVH5nmuVj2+PSW9WDZXg676TuweFdD5jw4kjo+Rb7r45BHG\nD5ekqFMFlY2ZkdZJv7COLnJ1NDjK2Ms/Xkekc2HMnEml88pqaUwpeR3sJs93Za0h\nvPZsCdhi2p+7PL+rBUTML8aRY8r+4/xSkLh8W1fuakEcyK8A/qiX8coS1Nd8i819\n0CKbqQZHeDzRSBBp9FTD81ihBqICA5OHwGKX6Z0rotxyU+IEKBWIuH5hbFE0zU+D\nLxwk1HfCGm2DHHlmHGitRC7uZJjpsN3NnwdZgBVLzQKCAQBFfSyNm5T0ZJz31mek\nMVAmlmqihb8V9joky1MWkn1XXLQKynb0xaB8yyiDYuPUP6dTeO/ZcvSgS0DlvPkW\nXwqHRQfx8SJLDuq7T8/thIYcCL+EdREr5lryzS7+waLHAY8EiaSrJLIzI6mVBcqt\nzxNZY6H3jG8gH1DH76PAyk76XQEiAHRv1St9CkBCGgwRFxIHlsDIb7939fuUr7gE\nxTMHAOzAXOOQ8PhmMfOqJajDhKZYup7El+SguFMM72ciHufP1PC+kKHhdSFIDygK\nH//vs5KmTLPb+IigMcy/yymEowPRqmkRVb1omkDG+FjWJoDgZkr1h9vwsNcgD4fP\niQUpAoIBAQCNjEvSDczRcl/bCNnTFynmJsjb17LlitDP18J+VXDjSXBg+0xJVK0u\nl4iFttfAoFKpNHFjczrjW86/MM9xU24STS51LT0uGDKIINJ62NtmRR4SYsEpFKNq\n7H0+PCCLAnbe4jL9dsuFYzyB2rbNI95nKTZ75UlEntpg0hE4ny9KDswrHF54onMs\nmfoqYyjbv9H1dkJBTCjG0Slb6cW6XpxN4kqpqSZH7FS3otoBhSHD8bhbx+l6iiXw\ndYTWMTGRODqkG8v0Mg6kV5OfEGKmBoctfBzHHYgtpdTxbhLQBrCYCD3juoDdVTa5\nt0uwAmF/VTTMbgjenX3VEik4t0oAXnjRAoIBAGHT4Okp5GSgrM0SFQfpLQDqbquL\ncZ739ZQj/b/TObvy+9lLSBuRfD7GVx1XV8czbLCUv7z9ofN1sqqSX1vL2rBLAPfd\nuczy6VzwtZlTnjUqzh402xcOdzrNbQilm/LpEXj3cME1KiVWNM20pZrE9A9N7MbG\nrMa2LvOS6r197OMbXtM47WP3PCfmwpCRVrC2wHVCSyG5q64MY1rz2oNyvDqIn1S1\nk1j70xS/8Gvv8xATTUPz8ASlku5D+OGf/K3r8Uzk4bYrcmhmTLD7nJFjm9b3m3eA\np+1m768EolOf4Oce9FnvKJEXEzCvVN12s7ljdSoORG0kXCIexQLq3sUH7cc=\n-----END RSA PRIVATE KEY-----\n",
            "private_key_pem_pkcs8": "-----BEGIN PRIVATE KEY-----\nMIIJQgIBADANBgkqhkiG9w0BAQEFAASCCSwwggkoAgEAAoICAQDGDNg9QYBM/qg9\nm28ePDTzqLxgk3irhrdGPEg+RL6rd3Rl9zpldSalNsDS2KVUvlRsLMHQgaFo1UrA\n5OpsRRYquFpv6b/U3GlK1v+41s+m/iWEtqZEUV6lH5Y0Ty4maAWaMpaUPmfuBbkP\nkwE7JzPq86+rgYYJDslBV0SNiOgMzc6nSCLgUTqabYaqIJ2JuSXD57vsUvDriIYj\nRI1I9xGVpqIDtBctrUJ/j3cg2aPk5bkSYD2GztQ5rBTou7BssRNsISn25ekiRWNX\nMPe65yZJCGGKvcW1ioajFiB3FhjYKyie6ET4QbPfESzTh0kQhQxDo3ioO0vq/xH5\npPRgP4GGYjDQZ+AtTy5Nu/+E5+9zyQ6fYkz3UmkvM3UIO18rYKhBPssHZNFphJIg\nmAQaSFHC31RaQBWQDhnpeBLcDuUZZgB9bUtMtDu6KY8/GiXBszQEkV+7krholp90\nBNSR3f77d7ZVLBkEaS1FA/6nEYWZmrO/eF6sT/atFsi/j0AK4ZGXSL4Sg1o6K88q\nQi+RSIjp0kH6e09oCvqYJAlB5ydR1z3gW699Exj5322XVZ9eaW+yCd9ZjcwhMvgR\neQofYU7+C8dKL3YZU74g5k/l9YrrWJ40+H059JaT0BCCgOOyRuWBr4/XAHAvu/LX\np3d7BNgNVJVbJxlO0uhsOjlZfCeOJwIDAQABAoICAC/yqyWFZqT9YEjuCSRmSiGV\nf+nXuja4ukVYUds1dH35wSXwiWRHzQ/hpiRFzB0sqS65VUEAKU5CmUMDCNgmj7vO\n/yIqEsXbiOhUDfw3kXVqATZUrANNOd87Ove2FcO5mmWfCsKgKzQ+kXO6UOl7z795\nuNWKWaN2v3XAxXmIpDl5WCc6uSrar5f0nU4x8EIIH6MCxwXrfKVhW6xNK/F203yK\nJ55C6vulfzx3xM0gs+O2VCylPTAWgd3mkfdYfVmLM1sR2mGKfvtLlkXlNoy66pNy\n4n6e/C879uWj9T8vi9tF86MpM41xBrWiKFqb3a4QsAvuF0ePd41QrI7mhz2IEnjD\nj9I6eHGE6fn5CQfKleO/fbzrpyh/138AsbKEaG8ADJBYX4UkRhafKfD6tNDVk05X\n6tSx42Mzd5eD1lyPUj5QwCavjsCmXG91N0ctFy3KOiyDN4Ftt39PkIoCoccfeQxx\ntcKIpCN3nlfj/fL7+x1P+HR1YAU4zwR6bx1eebJXuZ8F27DTJYHLEJh1BFje5Jbr\nOaa8q7jxRCs3ukCbIaKihw4Z3XCok6EFyBbSIZnTw7A0WK3mZacDjz++gDF08TzN\neKHgTWsBAr3mhJnODXl/0eJDpusVfhdWUJ8B2Qa9Omdb8QDYAjWefjWfqmk4MVsT\nBZJ6jlEJxCFE/tNf1Fq9AoIBAQDzbjYd/0TNgAvGPrhi3b1wkn13tnT3eqopIHTx\nIidvamYFV/wMbtuGNSqej9XXbv+o3S28tpKgl/aZV0mqZQ4LRQLjDzhFa/a5svnj\nRRJYG/bEIHsPQ81UkZ9H4H462IIi0jPYf9OpYOR6KXxaxrUSpqmBicCRk4aV322I\nUhnKMb+B6P1SZkrMrnYR/CS3TIJA0Wy/zVAvJcLzgrgVax2PaFLHQuLn0GXoKtQ2\nbPbgDbWh+hTl+2s8cQbN8z9Zr3SD+ojHQfaBKc0OnthVf4IabkU2PAUnhlSFssfO\n2I2nY8o0MaDPitkPYEylpXbPqLzS8OJUqQtyhK1qcWk+kxXDAoIBAQDQRsXY7ONr\nG8HRkCfjZ8j9ulU32OimEhtrh7oNPgBHsq5ITbFCywtOocGuAxDw5Ufmea5WPb49\nJb1YNleDrvpO7B4V0PmPDiSOj5FvuvjkEcYPl6SoUwWVjZmR1km/sI4ucnU0OMrY\nyz9eR6RzYcycSaXzymppTCl5Hewmz3dlrSG89mwJ2GLan7s8v6sFRMwvxpFjyv7j\n/FKQuHxbV+5qQRzIrwD+qJfxyhLU13yLzX3QIpupBkd4PNFIEGn0VMPzWKEGogID\nk4fAYpfpnSui3HJT4gQoFYi4fmFsUTTNT4MvHCTUd8IabYMceWYcaK1ELu5kmOmw\n3c2fB1mAFUvNAoIBAEV9LI2blPRknPfWZ6QxUCaWaqKFvxX2OiTLUxaSfVdctArK\ndvTFoHzLKINi49Q/p1N479ly9KBLQOW8+RZfCodFB/HxIksO6rtPz+2EhhwIv4R1\nESvmWvLNLv7BoscBjwSJpKsksjMjqZUFyq3PE1ljofeMbyAfUMfvo8DKTvpdASIA\ndG/VK30KQEIaDBEXEgeWwMhvv3f1+5SvuATFMwcA7MBc45Dw+GYx86olqMOEpli6\nnsSX5KC4UwzvZyIe58/U8L6QoeF1IUgPKAof/++zkqZMs9v4iKAxzL/LKYSjA9Gq\naRFVvWiaQMb4WNYmgOBmSvWH2/Cw1yAPh8+JBSkCggEBAI2MS9INzNFyX9sI2dMX\nKeYmyNvXsuWK0M/Xwn5VcONJcGD7TElUrS6XiIW218CgUqk0cWNzOuNbzr8wz3FT\nbhJNLnUtPS4YMogg0nrY22ZFHhJiwSkUo2rsfT48IIsCdt7iMv12y4VjPIHats0j\n3mcpNnvlSUSe2mDSETifL0oOzCscXniicyyZ+ipjKNu/0fV2QkFMKMbRKVvpxbpe\nnE3iSqmpJkfsVLei2gGFIcPxuFvH6XqKJfB1hNYxMZE4OqQby/QyDqRXk58QYqYG\nhy18HMcdiC2l1PFuEtAGsJgIPeO6gN1VNrm3S7ACYX9VNMxuCN6dfdUSKTi3SgBe\neNECggEAYdPg6SnkZKCszRIVB+ktAOpuq4txnvf1lCP9v9M5u/L72UtIG5F8PsZX\nHVdXxzNssJS/vP2h83WyqpJfW8vasEsA9925zPLpXPC1mVOeNSrOHjTbFw53Os1t\nCKWb8ukRePdwwTUqJVY0zbSlmsT0D03sxsasxrYu85LqvX3s4xte0zjtY/c8J+bC\nkJFWsLbAdUJLIbmrrgxjWvPag3K8OoifVLWTWPvTFL/wa+/zEBNNQ/PwBKWS7kP4\n4Z/8revxTOThtityaGZMsPuckWOb1vebd4Cn7WbvrwSiU5/g5x70We8okRcTMK9U\n3XazuWN1Kg5EbSRcIh7FAurexQftxw==\n-----END PRIVATE KEY-----\n",
            "public_key_fingerprint_md5": "69:31:d5:b4:c0:33:4c:7d:a2:c5:72:58:0c:11:ce:65",
            "public_key_fingerprint_sha256": "SHA256:ARgtidpjEZjDTDPkbxbfolWr5UGqSud2QbjhQIiS2kU",
            "public_key_openssh": "ssh-rsa AAAAB3NzaC1yc2EAAAADAQABAAACAQDGDNg9QYBM/qg9m28ePDTzqLxgk3irhrdGPEg+RL6rd3Rl9zpldSalNsDS2KVUvlRsLMHQgaFo1UrA5OpsRRYquFpv6b/U3GlK1v+41s+m/iWEtqZEUV6lH5Y0Ty4maAWaMpaUPmfuBbkPkwE7JzPq86+rgYYJDslBV0SNiOgMzc6nSCLgUTqabYaqIJ2JuSXD57vsUvDriIYjRI1I9xGVpqIDtBctrUJ/j3cg2aPk5bkSYD2GztQ5rBTou7BssRNsISn25ekiRWNXMPe65yZJCGGKvcW1ioajFiB3FhjYKyie6ET4QbPfESzTh0kQhQxDo3ioO0vq/xH5pPRgP4GGYjDQZ+AtTy5Nu/+E5+9zyQ6fYkz3UmkvM3UIO18rYKhBPssHZNFphJIgmAQaSFHC31RaQBWQDhnpeBLcDuUZZgB9bUtMtDu6KY8/GiXBszQEkV+7krholp90BNSR3f77d7ZVLBkEaS1FA/6nEYWZmrO/eF6sT/atFsi/j0AK4ZGXSL4Sg1o6K88qQi+RSIjp0kH6e09oCvqYJAlB5ydR1z3gW699Exj5322XVZ9eaW+yCd9ZjcwhMvgReQofYU7+C8dKL3YZU74g5k/l9YrrWJ40+H059JaT0BCCgOOyRuWBr4/XAHAvu/LXp3d7BNgNVJVbJxlO0uhsOjlZfCeOJw==\n",
            "public_key_pem": "-----BEGIN PUBLIC KEY-----\nMIICIjANBgkqhkiG9w0BAQEFAAOCAg8AMIICCgKCAgEAxgzYPUGATP6oPZtvHjw0\n86i8YJN4q4a3RjxIPkS+q3d0Zfc6ZXUmpTbA0tilVL5UbCzB0IGhaNVKwOTqbEUW\nKrhab+m/1NxpStb/uNbPpv4lhLamRFFepR+WNE8uJmgFmjKWlD5n7gW5D5MBOycz\n6vOvq4GGCQ7JQVdEjYjoDM3Op0gi4FE6mm2GqiCdibklw+e77FLw64iGI0SNSPcR\nlaaiA7QXLa1Cf493INmj5OW5EmA9hs7UOawU6LuwbLETbCEp9uXpIkVjVzD3uucm\nSQhhir3FtYqGoxYgdxYY2CsonuhE+EGz3xEs04dJEIUMQ6N4qDtL6v8R+aT0YD+B\nhmIw0GfgLU8uTbv/hOfvc8kOn2JM91JpLzN1CDtfK2CoQT7LB2TRaYSSIJgEGkhR\nwt9UWkAVkA4Z6XgS3A7lGWYAfW1LTLQ7uimPPxolwbM0BJFfu5K4aJafdATUkd3+\n+3e2VSwZBGktRQP+pxGFmZqzv3herE/2rRbIv49ACuGRl0i+EoNaOivPKkIvkUiI\n6dJB+ntPaAr6mCQJQecnUdc94FuvfRMY+d9tl1WfXmlvsgnfWY3MITL4EXkKH2FO\n/gvHSi92GVO+IOZP5fWK61ieNPh9OfSWk9AQgoDjskblga+P1wBwL7vy16d3ewTY\nDVSVWycZTtLobDo5WXwnjicCAwEAAQ==\n-----END PUBLIC KEY-----\n",
            "rsa_bits": 4096
          },
          "sensitive_attributes": [
            [
              {
                "type": "get_attr",
                "value": "private_key_openssh"
              }
            ],
            [
              {
                "type": "get_attr",
                "value": "private_key_pem"
              }
            ],
            [
              {
                "type": "get_attr",
                "value": "private_key_pem_pkcs8"
              }
            ]
          ],
          "identity_schema_version": 0
        }
      ]
    }
  ],
  "check_results": null
}
